// !$*UTF8*$!
{
       archiveVersion = 1;
       classes = {
       };
       objectVersion = 45;
       objects = {

/* Begin PBXAggregateTarget section */
              107214010721401072140000 /* ALL_BUILD */ = {
                     isa = PBXAggregateTarget;
                     buildConfigurationList = 10730A010730A010730A0000 /* Build configuration list for PBXAggregateTarget "ALL_BUILD" */;
                     buildPhases = (
                            107236010723601072360000 /* CMake ReRun */,
                            1072A301072A301072A30000 /* CMake Rules */,
                     );
                     dependencies = (
                            10B534010B534010B5340000 /* PBXTargetDependency */,
                     );
                     name = ALL_BUILD;
                     productName = ALL_BUILD;
              };
              10A70C010A70C010A70C0000 /* install */ = {
                     isa = PBXAggregateTarget;
                     buildConfigurationList = 10A801010A801010A8010000 /* Build configuration list for PBXAggregateTarget "install" */;
                     buildPhases = (
                            10A72A010A72A010A72A0000 /* CMake ReRun */,
                            10A797010A797010A7970000 /* CMake PostBuild Rules */,
                     );
                     dependencies = (
                            10B5BD010B5BD010B5BD0000 /* PBXTargetDependency */,
                     );
                     name = install;
                     productName = install;
              };
/* End PBXAggregateTarget section */

/* Begin PBXBuildFile section */
10835A010835A010835A0000 /* /Users/kail/imClever/dev/virtualSkin/src/VirtualSkinLibrary/YarpFilter/RpcFilterImpl.cpp */ = {isa = PBXBuildFile; fileRef = 108345010834501083450000 /* /Users/kail/imClever/dev/virtualSkin/src/VirtualSkinLibrary/YarpFilter/RpcFilterImpl.cpp */; settings = { COMPILER_FLAGS = ""; }; };
108403010840301084030000 /* /Users/kail/imClever/dev/virtualSkin/src/VirtualSkinLibrary/YarpFilter/RpcFilter.cpp */ = {isa = PBXBuildFile; fileRef = 1083EA01083EA01083EA0000 /* /Users/kail/imClever/dev/virtualSkin/src/VirtualSkinLibrary/YarpFilter/RpcFilter.cpp */; settings = { COMPILER_FLAGS = ""; }; };
10851C010851C010851C0000 /* /Users/kail/imClever/dev/virtualSkin/src/VirtualSkinLibrary/YarpFilter/StreamFilterImpl.cpp */ = {isa = PBXBuildFile; fileRef = 10849A010849A010849A0000 /* /Users/kail/imClever/dev/virtualSkin/src/VirtualSkinLibrary/YarpFilter/StreamFilterImpl.cpp */; settings = { COMPILER_FLAGS = ""; }; };
108564010856401085640000 /* /Users/kail/imClever/dev/virtualSkin/src/VirtualSkinLibrary/YarpFilter/StreamFilter.cpp */ = {isa = PBXBuildFile; fileRef = 10854B010854B010854B0000 /* /Users/kail/imClever/dev/virtualSkin/src/VirtualSkinLibrary/YarpFilter/StreamFilter.cpp */; settings = { COMPILER_FLAGS = ""; }; };
10867D010867D010867D0000 /* /Users/kail/imClever/dev/virtualSkin/src/VirtualSkinLibrary/YarpFilter/ControlBoardFilter.cpp */ = {isa = PBXBuildFile; fileRef = 1085F901085F901085F90000 /* /Users/kail/imClever/dev/virtualSkin/src/VirtualSkinLibrary/YarpFilter/ControlBoardFilter.cpp */; settings = { COMPILER_FLAGS = ""; }; };
10872E010872E010872E0000 /* /Users/kail/imClever/dev/virtualSkin/src/VirtualSkinLibrary/YarpFilter/yarp/os/impl/RpcFilterImpl.h */ = {isa = PBXBuildFile; fileRef = 1086AE01086AE01086AE0000 /* /Users/kail/imClever/dev/virtualSkin/src/VirtualSkinLibrary/YarpFilter/yarp/os/impl/RpcFilterImpl.h */; settings = { COMPILER_FLAGS = ""; }; };
1087D601087D601087D60000 /* /Users/kail/imClever/dev/virtualSkin/src/VirtualSkinLibrary/YarpFilter/yarp/os/RpcFilter.h */ = {isa = PBXBuildFile; fileRef = 10875F010875F010875F0000 /* /Users/kail/imClever/dev/virtualSkin/src/VirtualSkinLibrary/YarpFilter/yarp/os/RpcFilter.h */; settings = { COMPILER_FLAGS = ""; }; };
108891010889101088910000 /* /Users/kail/imClever/dev/virtualSkin/src/VirtualSkinLibrary/YarpFilter/yarp/os/impl/StreamFilterImpl.h */ = {isa = PBXBuildFile; fileRef = 10880D010880D010880D0000 /* /Users/kail/imClever/dev/virtualSkin/src/VirtualSkinLibrary/YarpFilter/yarp/os/impl/StreamFilterImpl.h */; settings = { COMPILER_FLAGS = ""; }; };
108943010894301089430000 /* /Users/kail/imClever/dev/virtualSkin/src/VirtualSkinLibrary/YarpFilter/yarp/os/StreamFilter.h */ = {isa = PBXBuildFile; fileRef = 1088C201088C201088C20000 /* /Users/kail/imClever/dev/virtualSkin/src/VirtualSkinLibrary/YarpFilter/yarp/os/StreamFilter.h */; settings = { COMPILER_FLAGS = ""; }; };
1089F801089F801089F80000 /* /Users/kail/imClever/dev/virtualSkin/src/VirtualSkinLibrary/YarpFilter/yarp/os/ControlBoardFilter.h */ = {isa = PBXBuildFile; fileRef = 108976010897601089760000 /* /Users/kail/imClever/dev/virtualSkin/src/VirtualSkinLibrary/YarpFilter/yarp/os/ControlBoardFilter.h */; settings = { COMPILER_FLAGS = ""; }; };
108A220108A220108A220000 /* /Users/kail/imClever/dev/virtualSkin/src/VirtualSkinLibrary/YarpFilter/CMakeLists.txt */ = {isa = PBXBuildFile; fileRef = 1082CE01082CE01082CE0000 /* /Users/kail/imClever/dev/virtualSkin/src/VirtualSkinLibrary/YarpFilter/CMakeLists.txt */; settings = { COMPILER_FLAGS = ""; }; };
/* End PBXBuildFile section */

/* Begin PBXBuildStyle section */
              1004C401004C401004C40000 /*  */ = {
                     isa = PBXBuildStyle;
              };
              103806010380601038060000 /* Debug */ = {
                     isa = PBXBuildStyle;
                     buildSettings = {
                            COPY_PHASE_STRIP = NO;
                     };
                     name = Debug;
              };
              1013E301013E301013E30000 /* Release */ = {
                     isa = PBXBuildStyle;
                     buildSettings = {
                            COPY_PHASE_STRIP = NO;
                     };
                     name = Release;
              };
              1011B101011B101011B10000 /* MinSizeRel */ = {
                     isa = PBXBuildStyle;
                     buildSettings = {
                            COPY_PHASE_STRIP = NO;
                     };
                     name = MinSizeRel;
              };
              109985010998501099850000 /* RelWithDebInfo */ = {
                     isa = PBXBuildStyle;
                     buildSettings = {
                            COPY_PHASE_STRIP = NO;
                     };
                     name = RelWithDebInfo;
              };
/* End PBXBuildStyle section */

/* Begin PBXContainerItemProxy section */
              10B4E2010B4E2010B4E20000 /* PBXContainerItemProxy */ = {
                     isa = PBXContainerItemProxy;
                     containerPortal = 10A115010A115010A1150000 /* Project object */;
                     proxyType = 1;
                     remoteGlobalIDString = 108BEA0108BEA0108BEA0000;
                     remoteInfo = YarpFilter;
              };
              10B57D010B57D010B57D0000 /* PBXContainerItemProxy */ = {
                     isa = PBXContainerItemProxy;
                     containerPortal = 10A115010A115010A1150000 /* Project object */;
                     proxyType = 1;
                     remoteGlobalIDString = 107214010721401072140000;
                     remoteInfo = ALL_BUILD;
              };
/* End PBXContainerItemProxy section */

/* Begin PBXFileReference section */
1082CE01082CE01082CE0000 /* /Users/kail/imClever/dev/virtualSkin/src/VirtualSkinLibrary/YarpFilter/CMakeLists.txt */ = {isa = PBXFileReference; fileEncoding = 4; lastKnownFileType = "sourcecode.text"; name = "CMakeLists.txt"; path = "CMakeLists.txt"; sourceTree = SOURCE_ROOT; };
108345010834501083450000 /* /Users/kail/imClever/dev/virtualSkin/src/VirtualSkinLibrary/YarpFilter/RpcFilterImpl.cpp */ = {isa = PBXFileReference; fileEncoding = 4; lastKnownFileType = "sourcecode.cpp.cpp"; name = "RpcFilterImpl.cpp"; path = "RpcFilterImpl.cpp"; sourceTree = SOURCE_ROOT; };
1083EA01083EA01083EA0000 /* /Users/kail/imClever/dev/virtualSkin/src/VirtualSkinLibrary/YarpFilter/RpcFilter.cpp */ = {isa = PBXFileReference; fileEncoding = 4; lastKnownFileType = "sourcecode.cpp.cpp"; name = "RpcFilter.cpp"; path = "RpcFilter.cpp"; sourceTree = SOURCE_ROOT; };
10849A010849A010849A0000 /* /Users/kail/imClever/dev/virtualSkin/src/VirtualSkinLibrary/YarpFilter/StreamFilterImpl.cpp */ = {isa = PBXFileReference; fileEncoding = 4; lastKnownFileType = "sourcecode.cpp.cpp"; name = "StreamFilterImpl.cpp"; path = "StreamFilterImpl.cpp"; sourceTree = SOURCE_ROOT; };
10854B010854B010854B0000 /* /Users/kail/imClever/dev/virtualSkin/src/VirtualSkinLibrary/YarpFilter/StreamFilter.cpp */ = {isa = PBXFileReference; fileEncoding = 4; lastKnownFileType = "sourcecode.cpp.cpp"; name = "StreamFilter.cpp"; path = "StreamFilter.cpp"; sourceTree = SOURCE_ROOT; };
1085F901085F901085F90000 /* /Users/kail/imClever/dev/virtualSkin/src/VirtualSkinLibrary/YarpFilter/ControlBoardFilter.cpp */ = {isa = PBXFileReference; fileEncoding = 4; lastKnownFileType = "sourcecode.cpp.cpp"; name = "ControlBoardFilter.cpp"; path = "ControlBoardFilter.cpp"; sourceTree = SOURCE_ROOT; };
1086AE01086AE01086AE0000 /* /Users/kail/imClever/dev/virtualSkin/src/VirtualSkinLibrary/YarpFilter/yarp/os/impl/RpcFilterImpl.h */ = {isa = PBXFileReference; fileEncoding = 4; lastKnownFileType = "sourcecode.c.h"; name = "RpcFilterImpl.h"; path = "yarp/os/impl/RpcFilterImpl.h"; sourceTree = SOURCE_ROOT; };
10875F010875F010875F0000 /* /Users/kail/imClever/dev/virtualSkin/src/VirtualSkinLibrary/YarpFilter/yarp/os/RpcFilter.h */ = {isa = PBXFileReference; fileEncoding = 4; lastKnownFileType = "sourcecode.c.h"; name = "RpcFilter.h"; path = "yarp/os/RpcFilter.h"; sourceTree = SOURCE_ROOT; };
10880D010880D010880D0000 /* /Users/kail/imClever/dev/virtualSkin/src/VirtualSkinLibrary/YarpFilter/yarp/os/impl/StreamFilterImpl.h */ = {isa = PBXFileReference; fileEncoding = 4; lastKnownFileType = "sourcecode.c.h"; name = "StreamFilterImpl.h"; path = "yarp/os/impl/StreamFilterImpl.h"; sourceTree = SOURCE_ROOT; };
1088C201088C201088C20000 /* /Users/kail/imClever/dev/virtualSkin/src/VirtualSkinLibrary/YarpFilter/yarp/os/StreamFilter.h */ = {isa = PBXFileReference; fileEncoding = 4; lastKnownFileType = "sourcecode.c.h"; name = "StreamFilter.h"; path = "yarp/os/StreamFilter.h"; sourceTree = SOURCE_ROOT; };
108976010897601089760000 /* /Users/kail/imClever/dev/virtualSkin/src/VirtualSkinLibrary/YarpFilter/yarp/os/ControlBoardFilter.h */ = {isa = PBXFileReference; fileEncoding = 4; lastKnownFileType = "sourcecode.c.h"; name = "ControlBoardFilter.h"; path = "yarp/os/ControlBoardFilter.h"; sourceTree = SOURCE_ROOT; };
10A628010A628010A6280000 /* YarpFilter */ = {isa = PBXFileReference; explicitFileType = "archive.ar"; path = "libYarpFilter.a"; refType = 0; sourceTree = BUILT_PRODUCTS_DIR; };
/* End PBXFileReference section */

/* Begin PBXGroup section */
              1068A501068A501068A50000  = {
                     isa = PBXGroup;
                     children = (
                            105086010508601050860000 /* Sources */,
                            100FC30100FC30100FC30000 /* Resources */,
                            102FF10102FF10102FF10000 /* Products */,
                     );
                     sourceTree = "<group>";
              };
              105086010508601050860000 /* Sources */ = {
                     isa = PBXGroup;
                     children = (
                            104920010492001049200000 /* ALL_BUILD */,
                            10A0EA010A0EA010A0EA0000 /* YarpFilter */,
                     );
                     name = Sources;
                     sourceTree = "<group>";
              };
              100FC30100FC30100FC30000 /* Resources */ = {
                     isa = PBXGroup;
                     children = (
                     );
                     name = Resources;
                     sourceTree = "<group>";
              };
              104920010492001049200000 /* ALL_BUILD */ = {
                     isa = PBXGroup;
                     children = (
                            103847010384701038470000 /* CMake Rules */,
                            1082CE01082CE01082CE0000 /* /Users/kail/imClever/dev/virtualSkin/src/VirtualSkinLibrary/YarpFilter/CMakeLists.txt */,
                     );
                     name = ALL_BUILD;
                     sourceTree = "<group>";
              };
              103847010384701038470000 /* CMake Rules */ = {
                     isa = PBXGroup;
                     children = (
                     );
                     name = "CMake Rules";
                     sourceTree = "<group>";
              };
              10A0EA010A0EA010A0EA0000 /* YarpFilter */ = {
                     isa = PBXGroup;
                     children = (
                            100E360100E360100E360000 /* Source Files */,
                            100FB50100FB50100FB50000 /* Header Files */,
                            1082CE01082CE01082CE0000 /* /Users/kail/imClever/dev/virtualSkin/src/VirtualSkinLibrary/YarpFilter/CMakeLists.txt */,
                     );
                     name = YarpFilter;
                     sourceTree = "<group>";
              };
              100E360100E360100E360000 /* Source Files */ = {
                     isa = PBXGroup;
                     children = (
                            108345010834501083450000 /* /Users/kail/imClever/dev/virtualSkin/src/VirtualSkinLibrary/YarpFilter/RpcFilterImpl.cpp */,
                            1083EA01083EA01083EA0000 /* /Users/kail/imClever/dev/virtualSkin/src/VirtualSkinLibrary/YarpFilter/RpcFilter.cpp */,
                            10849A010849A010849A0000 /* /Users/kail/imClever/dev/virtualSkin/src/VirtualSkinLibrary/YarpFilter/StreamFilterImpl.cpp */,
                            10854B010854B010854B0000 /* /Users/kail/imClever/dev/virtualSkin/src/VirtualSkinLibrary/YarpFilter/StreamFilter.cpp */,
                            1085F901085F901085F90000 /* /Users/kail/imClever/dev/virtualSkin/src/VirtualSkinLibrary/YarpFilter/ControlBoardFilter.cpp */,
                     );
                     name = "Source Files";
                     sourceTree = "<group>";
              };
              100FB50100FB50100FB50000 /* Header Files */ = {
                     isa = PBXGroup;
                     children = (
                            1086AE01086AE01086AE0000 /* /Users/kail/imClever/dev/virtualSkin/src/VirtualSkinLibrary/YarpFilter/yarp/os/impl/RpcFilterImpl.h */,
                            10875F010875F010875F0000 /* /Users/kail/imClever/dev/virtualSkin/src/VirtualSkinLibrary/YarpFilter/yarp/os/RpcFilter.h */,
                            10880D010880D010880D0000 /* /Users/kail/imClever/dev/virtualSkin/src/VirtualSkinLibrary/YarpFilter/yarp/os/impl/StreamFilterImpl.h */,
                            1088C201088C201088C20000 /* /Users/kail/imClever/dev/virtualSkin/src/VirtualSkinLibrary/YarpFilter/yarp/os/StreamFilter.h */,
                            108976010897601089760000 /* /Users/kail/imClever/dev/virtualSkin/src/VirtualSkinLibrary/YarpFilter/yarp/os/ControlBoardFilter.h */,
                     );
                     name = "Header Files";
                     sourceTree = "<group>";
              };
              102FF10102FF10102FF10000 /* Products */ = {
                     isa = PBXGroup;
                     children = (
                            10A628010A628010A6280000 /* YarpFilter */,
                     );
                     name = Products;
                     sourceTree = "<group>";
              };
/* End PBXGroup section */

/* Begin PBXNativeTarget section */
              108BEA0108BEA0108BEA0000 /* YarpFilter */ = {
                     isa = PBXNativeTarget;
                     buildConfigurationList = 108BFF0108BFF0108BFF0000 /* Build configuration list for PBXNativeTarget "YarpFilter" */;
                     buildPhases = (
                            108AE70108AE70108AE70000 /* CMake ReRun */,
                            108A9E0108A9E0108A9E0000 /* Sources */,
                            108B540108B540108B540000 /* CMake PostBuild Rules */,
                     );
                     buildRules = (
                     );
                     dependencies = (
                     );
                     name = YarpFilter;
                     productName = YarpFilter;
                     productReference = 10A628010A628010A6280000 /* YarpFilter */;
                     productType = "com.apple.product-type.library.static";
              };
/* End PBXNativeTarget section */

/* Begin PBXProject section */
              10A115010A115010A1150000 /* Project object */ = {
                     isa = PBXProject;
                     attributes = {
                            BuildIndependentTargetsInParallel = YES;
                     };
                     buildConfigurationList = 104BA70104BA70104BA70000 /* Build configuration list for PBXProject  "YarpFilter" */;
                     buildSettings = {
                     };
                     buildStyles = (
                            103806010380601038060000 /* Debug */,
                            1013E301013E301013E30000 /* Release */,
                            1011B101011B101011B10000 /* MinSizeRel */,
                            109985010998501099850000 /* RelWithDebInfo */,
                     );
                     compatibilityVersion = "Xcode 3.1";
                     hasScannedForEncodings = 0;
                     mainGroup = 1068A501068A501068A50000;
                     projectDirPath = "../../../../src/VirtualSkinLibrary/YarpFilter";
                     projectRoot = "";
                     targets = (
                            107214010721401072140000 /* ALL_BUILD */,
                            108BEA0108BEA0108BEA0000 /* YarpFilter */,
                            10A70C010A70C010A70C0000 /* install */,
                     );
              };
/* End PBXProject section */

/* Begin PBXShellScriptBuildPhase section */
              1012E701012E701012E70000 /*  */ = {
                     isa = PBXShellScriptBuildPhase;
                     buildActionMask = 2147483647;
                     files = (
                     );
                     inputPaths = (
                     );
                     outputPaths = (
                     );
                     runOnlyForDeploymentPostprocessing = 0;
                     shellPath = /bin/sh;
                     shellScript = "# shell script goes here
exit 0";
              };
              107236010723601072360000 /* CMake ReRun */ = {
                     isa = PBXShellScriptBuildPhase;
                     buildActionMask = 2147483647;
                     files = (
                     );
                     name = "CMake ReRun";
                     runOnlyForDeploymentPostprocessing = 0;
                     shellPath = /bin/sh;
                     shellScript = "make -C /Users/kail/imClever/dev/virtualSkin/xcode -f /Users/kail/imClever/dev/virtualSkin/xcode/CMakeScripts/ReRunCMake.make";
              };
              1072A301072A301072A30000 /* CMake Rules */ = {
                     isa = PBXShellScriptBuildPhase;
                     buildActionMask = 2147483647;
                     files = (
                     );
                     name = "CMake Rules";
                     runOnlyForDeploymentPostprocessing = 0;
                     shellPath = /bin/sh;
                     shellScript = "make -C /Users/kail/imClever/dev/virtualSkin/xcode/src/VirtualSkinLibrary/YarpFilter -f /Users/kail/imClever/dev/virtualSkin/xcode/src/VirtualSkinLibrary/YarpFilter/CMakeScripts/ALL_BUILD_cmakeRulesBuildPhase.make$CONFIGURATION all";
              };
              108AE70108AE70108AE70000 /* CMake ReRun */ = {
                     isa = PBXShellScriptBuildPhase;
                     buildActionMask = 2147483647;
                     files = (
                     );
                     name = "CMake ReRun";
                     runOnlyForDeploymentPostprocessing = 0;
                     shellPath = /bin/sh;
                     shellScript = "make -C /Users/kail/imClever/dev/virtualSkin/xcode -f /Users/kail/imClever/dev/virtualSkin/xcode/CMakeScripts/ReRunCMake.make";
              };
              108B540108B540108B540000 /* CMake PostBuild Rules */ = {
                     isa = PBXShellScriptBuildPhase;
                     buildActionMask = 2147483647;
                     files = (
                     );
                     name = "CMake PostBuild Rules";
                     runOnlyForDeploymentPostprocessing = 0;
                     shellPath = /bin/sh;
                     shellScript = "make -C /Users/kail/imClever/dev/virtualSkin/xcode/src/VirtualSkinLibrary/YarpFilter -f /Users/kail/imClever/dev/virtualSkin/xcode/src/VirtualSkinLibrary/YarpFilter/CMakeScripts/YarpFilter_postBuildPhase.make$CONFIGURATION all";
              };
              10A69B010A69B010A69B0000 /*  */ = {
                     isa = PBXShellScriptBuildPhase;
                     buildActionMask = 2147483647;
                     files = (
                     );
                     inputPaths = (
                     );
                     outputPaths = (
                     );
                     runOnlyForDeploymentPostprocessing = 0;
                     shellPath = /bin/sh;
                     shellScript = "# shell script goes here
exit 0";
              };
              10A72A010A72A010A72A0000 /* CMake ReRun */ = {
                     isa = PBXShellScriptBuildPhase;
                     buildActionMask = 2147483647;
                     files = (
                     );
                     name = "CMake ReRun";
                     runOnlyForDeploymentPostprocessing = 0;
                     shellPath = /bin/sh;
                     shellScript = "make -C /Users/kail/imClever/dev/virtualSkin/xcode -f /Users/kail/imClever/dev/virtualSkin/xcode/CMakeScripts/ReRunCMake.make";
              };
              10A797010A797010A7970000 /* CMake PostBuild Rules */ = {
                     isa = PBXShellScriptBuildPhase;
                     buildActionMask = 2147483647;
                     files = (
                     );
                     name = "CMake PostBuild Rules";
                     runOnlyForDeploymentPostprocessing = 0;
                     shellPath = /bin/sh;
                     shellScript = "make -C /Users/kail/imClever/dev/virtualSkin/xcode/src/VirtualSkinLibrary/YarpFilter -f /Users/kail/imClever/dev/virtualSkin/xcode/src/VirtualSkinLibrary/YarpFilter/CMakeScripts/install_postBuildPhase.make$CONFIGURATION all";
              };
/* End PBXShellScriptBuildPhase section */

/* Begin PBXSourcesBuildPhase section */
              108A9E0108A9E0108A9E0000 /* Sources */ = {
                     isa = PBXSourcesBuildPhase;
                     buildActionMask = 2147483647;
                     files = (
                            10835A010835A010835A0000 /* /Users/kail/imClever/dev/virtualSkin/src/VirtualSkinLibrary/YarpFilter/RpcFilterImpl.cpp */,
                            108403010840301084030000 /* /Users/kail/imClever/dev/virtualSkin/src/VirtualSkinLibrary/YarpFilter/RpcFilter.cpp */,
                            10851C010851C010851C0000 /* /Users/kail/imClever/dev/virtualSkin/src/VirtualSkinLibrary/YarpFilter/StreamFilterImpl.cpp */,
                            108564010856401085640000 /* /Users/kail/imClever/dev/virtualSkin/src/VirtualSkinLibrary/YarpFilter/StreamFilter.cpp */,
                            10867D010867D010867D0000 /* /Users/kail/imClever/dev/virtualSkin/src/VirtualSkinLibrary/YarpFilter/ControlBoardFilter.cpp */,
                     );
                     runOnlyForDeploymentPostprocessing = 0;
              };
/* End PBXSourcesBuildPhase section */

/* Begin PBXTargetDependency section */
              10B534010B534010B5340000 /* PBXTargetDependency */ = {
                     isa = PBXTargetDependency;
                     target = 108BEA0108BEA0108BEA0000 /* YarpFilter */;
                     targetProxy = 10B4E2010B4E2010B4E20000 /* PBXContainerItemProxy */;
              };
              10B5BD010B5BD010B5BD0000 /* PBXTargetDependency */ = {
                     isa = PBXTargetDependency;
                     target = 107214010721401072140000 /* ALL_BUILD */;
                     targetProxy = 10B57D010B57D010B57D0000 /* PBXContainerItemProxy */;
              };
/* End PBXTargetDependency section */

/* Begin XCBuildConfiguration section */
              104BB90104BB90104BB90000 /* Debug */ = {
                     isa = XCBuildConfiguration;
                     buildSettings = {
                            ARCHS = "$(ARCHS_STANDARD_32_BIT) ";
                            ONLY_ACTIVE_ARCH = YES;
                            SDKROOT = "/Developer/SDKs/MacOSX10.5.sdk";
                            SYMROOT = /Users/kail/imClever/dev/virtualSkin/xcode/src/VirtualSkinLibrary/YarpFilter/build;
                     };
                     name = Debug;
              };
              104BD80104BD80104BD80000 /* Release */ = {
                     isa = XCBuildConfiguration;
                     buildSettings = {
                            ARCHS = "$(ARCHS_STANDARD_32_BIT) ";
                            ONLY_ACTIVE_ARCH = YES;
                            SDKROOT = "/Developer/SDKs/MacOSX10.5.sdk";
                            SYMROOT = /Users/kail/imClever/dev/virtualSkin/xcode/src/VirtualSkinLibrary/YarpFilter/build;
                     };
                     name = Release;
              };
              104BF70104BF70104BF70000 /* MinSizeRel */ = {
                     isa = XCBuildConfiguration;
                     buildSettings = {
                            ARCHS = "$(ARCHS_STANDARD_32_BIT) ";
                            ONLY_ACTIVE_ARCH = YES;
                            SDKROOT = "/Developer/SDKs/MacOSX10.5.sdk";
                            SYMROOT = /Users/kail/imClever/dev/virtualSkin/xcode/src/VirtualSkinLibrary/YarpFilter/build;
                     };
                     name = MinSizeRel;
              };
              104C160104C160104C160000 /* RelWithDebInfo */ = {
                     isa = XCBuildConfiguration;
                     buildSettings = {
                            ARCHS = "$(ARCHS_STANDARD_32_BIT) ";
                            ONLY_ACTIVE_ARCH = YES;
                            SDKROOT = "/Developer/SDKs/MacOSX10.5.sdk";
                            SYMROOT = /Users/kail/imClever/dev/virtualSkin/xcode/src/VirtualSkinLibrary/YarpFilter/build;
                     };
                     name = RelWithDebInfo;
              };
              107365010736501073650000 /* Debug */ = {
                     isa = XCBuildConfiguration;
                     buildSettings = {
                            FRAMEWORK_SEARCH_PATHS = (/Library/Frameworks, );
                            GCC_GENERATE_DEBUGGING_SYMBOLS = NO;
                            GCC_INLINES_ARE_PRIVATE_EXTERN = NO;
                            GCC_OPTIMIZATION_LEVEL = 0;
                            GCC_PREPROCESSOR_DEFINITIONS = ("'CMAKE_INTDIR=\"$(CONFIGURATION)\"'", YARP_PRESENT, _REENTRANT, QT_OPENGL_LIB, QT_GUI_LIB, QT_XML_LIB, QT_CORE_LIB, QT_OPENGL_LIB, QT_GUI_LIB, QT_XML_LIB, QT_CORE_LIB, QT_DEBUG, QT_DEBUG, );
                            GCC_SYMBOLS_PRIVATE_EXTERN = NO;
                            HEADER_SEARCH_PATHS = (/Users/kail/Library/ace/ACE_wrappers, "/Users/kail/Library/yarp-2.2.6/src/libYARP_OS/include", "/Users/kail/Library/yarp-2.2.6/src/libYARP_sig/include", "/Users/kail/Library/yarp-2.2.6/src/libYARP_math/include", /opt/local/include, "/Users/kail/Library/yarp-2.2.6/src/libYARP_dev/include", "/Users/kail/Library/yarp-2.2.6/include", /Users/kail/Library/FreeSOLID/include, "/Library/Frameworks/QtOpenGL.framework/Headers", "/Library/Frameworks/QtGui.framework/Headers", "/Library/Frameworks/QtXml.framework/Headers", "/Library/Frameworks/QtCore.framework/Headers", /Users/kail/imClever/dev/virtualSkin/src/VirtualSkinLibrary, /Users/kail/imClever/dev/virtualSkin/src/VirtualSkinLibrary/RobotModel, /Users/kail/imClever/dev/virtualSkin/src/VirtualSkinLibrary/YarpFilter, /Users/kail/imClever/dev/virtualSkin/src/VirtualSkinLibrary/optimized, /Users/kail/imClever/dev/virtualSkin/src/VirtualSkinLibrary/debug, );
                            INSTALL_PATH = "";
                            OTHER_CFLAGS = "  ";
                            OTHER_LDFLAGS = "";
                            OTHER_REZFLAGS = "";
                            PREBINDING = NO;
                            PRODUCT_NAME = ALL_BUILD;
                            SECTORDER_FLAGS = "";
                            SYMROOT = /Users/kail/imClever/dev/virtualSkin/xcode/src/VirtualSkinLibrary/YarpFilter;
                            USE_HEADERMAP = NO;
                            WARNING_CFLAGS = ("-Wmost", "-Wno-four-char-constants", "-Wno-unknown-pragmas", );
                     };
                     name = Debug;
              };
              107682010768201076820000 /* Release */ = {
                     isa = XCBuildConfiguration;
                     buildSettings = {
                            FRAMEWORK_SEARCH_PATHS = (/Library/Frameworks, );
                            GCC_GENERATE_DEBUGGING_SYMBOLS = NO;
                            GCC_INLINES_ARE_PRIVATE_EXTERN = NO;
                            GCC_OPTIMIZATION_LEVEL = 0;
                            GCC_PREPROCESSOR_DEFINITIONS = ("'CMAKE_INTDIR=\"$(CONFIGURATION)\"'", YARP_PRESENT, _REENTRANT, QT_OPENGL_LIB, QT_GUI_LIB, QT_XML_LIB, QT_CORE_LIB, QT_OPENGL_LIB, QT_GUI_LIB, QT_XML_LIB, QT_CORE_LIB, QT_NO_DEBUG, QT_NO_DEBUG, );
                            GCC_SYMBOLS_PRIVATE_EXTERN = NO;
                            HEADER_SEARCH_PATHS = (/Users/kail/Library/ace/ACE_wrappers, "/Users/kail/Library/yarp-2.2.6/src/libYARP_OS/include", "/Users/kail/Library/yarp-2.2.6/src/libYARP_sig/include", "/Users/kail/Library/yarp-2.2.6/src/libYARP_math/include", /opt/local/include, "/Users/kail/Library/yarp-2.2.6/src/libYARP_dev/include", "/Users/kail/Library/yarp-2.2.6/include", /Users/kail/Library/FreeSOLID/include, "/Library/Frameworks/QtOpenGL.framework/Headers", "/Library/Frameworks/QtGui.framework/Headers", "/Library/Frameworks/QtXml.framework/Headers", "/Library/Frameworks/QtCore.framework/Headers", /Users/kail/imClever/dev/virtualSkin/src/VirtualSkinLibrary, /Users/kail/imClever/dev/virtualSkin/src/VirtualSkinLibrary/RobotModel, /Users/kail/imClever/dev/virtualSkin/src/VirtualSkinLibrary/YarpFilter, /Users/kail/imClever/dev/virtualSkin/src/VirtualSkinLibrary/optimized, /Users/kail/imClever/dev/virtualSkin/src/VirtualSkinLibrary/debug, );
                            INSTALL_PATH = "";
                            OTHER_CFLAGS = "  ";
                            OTHER_LDFLAGS = "";
                            OTHER_REZFLAGS = "";
                            PREBINDING = NO;
                            PRODUCT_NAME = ALL_BUILD;
                            SECTORDER_FLAGS = "";
                            SYMROOT = /Users/kail/imClever/dev/virtualSkin/xcode/src/VirtualSkinLibrary/YarpFilter;
                            USE_HEADERMAP = NO;
                            WARNING_CFLAGS = ("-Wmost", "-Wno-four-char-constants", "-Wno-unknown-pragmas", );
                     };
                     name = Release;
              };
              107991010799101079910000 /* MinSizeRel */ = {
                     isa = XCBuildConfiguration;
                     buildSettings = {
                            FRAMEWORK_SEARCH_PATHS = (/Library/Frameworks, );
                            GCC_GENERATE_DEBUGGING_SYMBOLS = NO;
                            GCC_INLINES_ARE_PRIVATE_EXTERN = NO;
                            GCC_OPTIMIZATION_LEVEL = 0;
                            GCC_PREPROCESSOR_DEFINITIONS = ("'CMAKE_INTDIR=\"$(CONFIGURATION)\"'", YARP_PRESENT, _REENTRANT, QT_OPENGL_LIB, QT_GUI_LIB, QT_XML_LIB, QT_CORE_LIB, QT_OPENGL_LIB, QT_GUI_LIB, QT_XML_LIB, QT_CORE_LIB, QT_NO_DEBUG, QT_NO_DEBUG, );
                            GCC_SYMBOLS_PRIVATE_EXTERN = NO;
                            HEADER_SEARCH_PATHS = (/Users/kail/Library/ace/ACE_wrappers, "/Users/kail/Library/yarp-2.2.6/src/libYARP_OS/include", "/Users/kail/Library/yarp-2.2.6/src/libYARP_sig/include", "/Users/kail/Library/yarp-2.2.6/src/libYARP_math/include", /opt/local/include, "/Users/kail/Library/yarp-2.2.6/src/libYARP_dev/include", "/Users/kail/Library/yarp-2.2.6/include", /Users/kail/Library/FreeSOLID/include, "/Library/Frameworks/QtOpenGL.framework/Headers", "/Library/Frameworks/QtGui.framework/Headers", "/Library/Frameworks/QtXml.framework/Headers", "/Library/Frameworks/QtCore.framework/Headers", /Users/kail/imClever/dev/virtualSkin/src/VirtualSkinLibrary, /Users/kail/imClever/dev/virtualSkin/src/VirtualSkinLibrary/RobotModel, /Users/kail/imClever/dev/virtualSkin/src/VirtualSkinLibrary/YarpFilter, /Users/kail/imClever/dev/virtualSkin/src/VirtualSkinLibrary/optimized, /Users/kail/imClever/dev/virtualSkin/src/VirtualSkinLibrary/debug, );
                            INSTALL_PATH = "";
                            OTHER_CFLAGS = "  ";
                            OTHER_LDFLAGS = "";
                            OTHER_REZFLAGS = "";
                            PREBINDING = NO;
                            PRODUCT_NAME = ALL_BUILD;
                            SECTORDER_FLAGS = "";
                            SYMROOT = /Users/kail/imClever/dev/virtualSkin/xcode/src/VirtualSkinLibrary/YarpFilter;
                            USE_HEADERMAP = NO;
                            WARNING_CFLAGS = ("-Wmost", "-Wno-four-char-constants", "-Wno-unknown-pragmas", );
                     };
                     name = MinSizeRel;
              };
              107CA00107CA00107CA00000 /* RelWithDebInfo */ = {
                     isa = XCBuildConfiguration;
                     buildSettings = {
                            FRAMEWORK_SEARCH_PATHS = (/Library/Frameworks, );
                            GCC_GENERATE_DEBUGGING_SYMBOLS = NO;
                            GCC_INLINES_ARE_PRIVATE_EXTERN = NO;
                            GCC_OPTIMIZATION_LEVEL = 0;
                            GCC_PREPROCESSOR_DEFINITIONS = ("'CMAKE_INTDIR=\"$(CONFIGURATION)\"'", YARP_PRESENT, _REENTRANT, QT_OPENGL_LIB, QT_GUI_LIB, QT_XML_LIB, QT_CORE_LIB, QT_OPENGL_LIB, QT_GUI_LIB, QT_XML_LIB, QT_CORE_LIB, QT_NO_DEBUG, QT_NO_DEBUG, );
                            GCC_SYMBOLS_PRIVATE_EXTERN = NO;
                            HEADER_SEARCH_PATHS = (/Users/kail/Library/ace/ACE_wrappers, "/Users/kail/Library/yarp-2.2.6/src/libYARP_OS/include", "/Users/kail/Library/yarp-2.2.6/src/libYARP_sig/include", "/Users/kail/Library/yarp-2.2.6/src/libYARP_math/include", /opt/local/include, "/Users/kail/Library/yarp-2.2.6/src/libYARP_dev/include", "/Users/kail/Library/yarp-2.2.6/include", /Users/kail/Library/FreeSOLID/include, "/Library/Frameworks/QtOpenGL.framework/Headers", "/Library/Frameworks/QtGui.framework/Headers", "/Library/Frameworks/QtXml.framework/Headers", "/Library/Frameworks/QtCore.framework/Headers", /Users/kail/imClever/dev/virtualSkin/src/VirtualSkinLibrary, /Users/kail/imClever/dev/virtualSkin/src/VirtualSkinLibrary/RobotModel, /Users/kail/imClever/dev/virtualSkin/src/VirtualSkinLibrary/YarpFilter, /Users/kail/imClever/dev/virtualSkin/src/VirtualSkinLibrary/optimized, /Users/kail/imClever/dev/virtualSkin/src/VirtualSkinLibrary/debug, );
                            INSTALL_PATH = "";
                            OTHER_CFLAGS = "  ";
                            OTHER_LDFLAGS = "";
                            OTHER_REZFLAGS = "";
                            PREBINDING = NO;
                            PRODUCT_NAME = ALL_BUILD;
                            SECTORDER_FLAGS = "";
                            SYMROOT = /Users/kail/imClever/dev/virtualSkin/xcode/src/VirtualSkinLibrary/YarpFilter;
                            USE_HEADERMAP = NO;
                            WARNING_CFLAGS = ("-Wmost", "-Wno-four-char-constants", "-Wno-unknown-pragmas", );
                     };
                     name = RelWithDebInfo;
              };
              108C350108C350108C350000 /* Debug */ = {
                     isa = XCBuildConfiguration;
                     buildSettings = {
                            CONFIGURATION_BUILD_DIR = /Users/kail/imClever/dev/virtualSkin/xcode/src/VirtualSkinLibrary/YarpFilter/Debug;
                            EXECUTABLE_PREFIX = lib;
                            EXECUTABLE_SUFFIX = ".a";
                            FRAMEWORK_SEARCH_PATHS = (/Library/Frameworks, );
                            GCC_GENERATE_DEBUGGING_SYMBOLS = YES;
                            GCC_INLINES_ARE_PRIVATE_EXTERN = NO;
                            GCC_OPTIMIZATION_LEVEL = 0;
                            GCC_PREPROCESSOR_DEFINITIONS = ("'CMAKE_INTDIR=\"$(CONFIGURATION)\"'", YARP_PRESENT, _REENTRANT, QT_OPENGL_LIB, QT_GUI_LIB, QT_XML_LIB, QT_CORE_LIB, QT_OPENGL_LIB, QT_GUI_LIB, QT_XML_LIB, QT_CORE_LIB, QT_DEBUG, QT_DEBUG, );
                            GCC_SYMBOLS_PRIVATE_EXTERN = NO;
                            HEADER_SEARCH_PATHS = (/Users/kail/Library/ace/ACE_wrappers, "/Users/kail/Library/yarp-2.2.6/src/libYARP_OS/include", "/Users/kail/Library/yarp-2.2.6/src/libYARP_sig/include", "/Users/kail/Library/yarp-2.2.6/src/libYARP_math/include", /opt/local/include, "/Users/kail/Library/yarp-2.2.6/src/libYARP_dev/include", "/Users/kail/Library/yarp-2.2.6/include", /Users/kail/Library/FreeSOLID/include, "/Library/Frameworks/QtOpenGL.framework/Headers", "/Library/Frameworks/QtGui.framework/Headers", "/Library/Frameworks/QtXml.framework/Headers", "/Library/Frameworks/QtCore.framework/Headers", /Users/kail/imClever/dev/virtualSkin/src/VirtualSkinLibrary, /Users/kail/imClever/dev/virtualSkin/src/VirtualSkinLibrary/RobotModel, /Users/kail/imClever/dev/virtualSkin/src/VirtualSkinLibrary/YarpFilter, /Users/kail/imClever/dev/virtualSkin/src/VirtualSkinLibrary/optimized, /Users/kail/imClever/dev/virtualSkin/src/VirtualSkinLibrary/debug, );
                            INSTALL_PATH = "";
                            LIBRARY_STYLE = STATIC;
                            OTHER_CFLAGS = "    ";
                            OTHER_CPLUSPLUSFLAGS = "    ";
                            OTHER_LDFLAGS = "";
                            OTHER_REZFLAGS = "";
                            PREBINDING = NO;
                            PRODUCT_NAME = YarpFilter;
                            SECTORDER_FLAGS = "";
                            SYMROOT = /Users/kail/imClever/dev/virtualSkin/xcode/src/VirtualSkinLibrary/YarpFilter;
                            USE_HEADERMAP = NO;
                            WARNING_CFLAGS = ("-Wmost", "-Wno-four-char-constants", "-Wno-unknown-pragmas", );
                     };
                     name = Debug;
              };
              108F9E0108F9E0108F9E0000 /* Release */ = {
                     isa = XCBuildConfiguration;
                     buildSettings = {
                            CONFIGURATION_BUILD_DIR = /Users/kail/imClever/dev/virtualSkin/xcode/src/VirtualSkinLibrary/YarpFilter/Release;
                            EXECUTABLE_PREFIX = lib;
                            EXECUTABLE_SUFFIX = ".a";
                            FRAMEWORK_SEARCH_PATHS = (/Library/Frameworks, );
                            GCC_GENERATE_DEBUGGING_SYMBOLS = NO;
                            GCC_INLINES_ARE_PRIVATE_EXTERN = NO;
                            GCC_OPTIMIZATION_LEVEL = 3;
                            GCC_PREPROCESSOR_DEFINITIONS = ("'CMAKE_INTDIR=\"$(CONFIGURATION)\"'", YARP_PRESENT, _REENTRANT, QT_OPENGL_LIB, QT_GUI_LIB, QT_XML_LIB, QT_CORE_LIB, QT_OPENGL_LIB, QT_GUI_LIB, QT_XML_LIB, QT_CORE_LIB, QT_NO_DEBUG, QT_NO_DEBUG, );
                            GCC_SYMBOLS_PRIVATE_EXTERN = NO;
                            HEADER_SEARCH_PATHS = (/Users/kail/Library/ace/ACE_wrappers, "/Users/kail/Library/yarp-2.2.6/src/libYARP_OS/include", "/Users/kail/Library/yarp-2.2.6/src/libYARP_sig/include", "/Users/kail/Library/yarp-2.2.6/src/libYARP_math/include", /opt/local/include, "/Users/kail/Library/yarp-2.2.6/src/libYARP_dev/include", "/Users/kail/Library/yarp-2.2.6/include", /Users/kail/Library/FreeSOLID/include, "/Library/Frameworks/QtOpenGL.framework/Headers", "/Library/Frameworks/QtGui.framework/Headers", "/Library/Frameworks/QtXml.framework/Headers", "/Library/Frameworks/QtCore.framework/Headers", /Users/kail/imClever/dev/virtualSkin/src/VirtualSkinLibrary, /Users/kail/imClever/dev/virtualSkin/src/VirtualSkinLibrary/RobotModel, /Users/kail/imClever/dev/virtualSkin/src/VirtualSkinLibrary/YarpFilter, /Users/kail/imClever/dev/virtualSkin/src/VirtualSkinLibrary/optimized, /Users/kail/imClever/dev/virtualSkin/src/VirtualSkinLibrary/debug, );
                            INSTALL_PATH = "";
                            LIBRARY_STYLE = STATIC;
                            OTHER_CFLAGS = "    -DNDEBUG  ";
                            OTHER_CPLUSPLUSFLAGS = "    -DNDEBUG  ";
                            OTHER_LDFLAGS = "";
                            OTHER_REZFLAGS = "";
                            PREBINDING = NO;
                            PRODUCT_NAME = YarpFilter;
                            SECTORDER_FLAGS = "";
                            SYMROOT = /Users/kail/imClever/dev/virtualSkin/xcode/src/VirtualSkinLibrary/YarpFilter;
                            USE_HEADERMAP = NO;
                            WARNING_CFLAGS = ("-Wmost", "-Wno-four-char-constants", "-Wno-unknown-pragmas", );
                     };
                     name = Release;
              };
              103E0B0103E0B0103E0B0000 /* MinSizeRel */ = {
                     isa = XCBuildConfiguration;
                     buildSettings = {
                            CONFIGURATION_BUILD_DIR = /Users/kail/imClever/dev/virtualSkin/xcode/src/VirtualSkinLibrary/YarpFilter/MinSizeRel;
                            EXECUTABLE_PREFIX = lib;
                            EXECUTABLE_SUFFIX = ".a";
                            FRAMEWORK_SEARCH_PATHS = (/Library/Frameworks, );
                            GCC_GENERATE_DEBUGGING_SYMBOLS = NO;
                            GCC_INLINES_ARE_PRIVATE_EXTERN = NO;
                            GCC_OPTIMIZATION_LEVEL = s;
                            GCC_PREPROCESSOR_DEFINITIONS = ("'CMAKE_INTDIR=\"$(CONFIGURATION)\"'", YARP_PRESENT, _REENTRANT, QT_OPENGL_LIB, QT_GUI_LIB, QT_XML_LIB, QT_CORE_LIB, QT_OPENGL_LIB, QT_GUI_LIB, QT_XML_LIB, QT_CORE_LIB, QT_NO_DEBUG, QT_NO_DEBUG, );
                            GCC_SYMBOLS_PRIVATE_EXTERN = NO;
                            HEADER_SEARCH_PATHS = (/Users/kail/Library/ace/ACE_wrappers, "/Users/kail/Library/yarp-2.2.6/src/libYARP_OS/include", "/Users/kail/Library/yarp-2.2.6/src/libYARP_sig/include", "/Users/kail/Library/yarp-2.2.6/src/libYARP_math/include", /opt/local/include, "/Users/kail/Library/yarp-2.2.6/src/libYARP_dev/include", "/Users/kail/Library/yarp-2.2.6/include", /Users/kail/Library/FreeSOLID/include, "/Library/Frameworks/QtOpenGL.framework/Headers", "/Library/Frameworks/QtGui.framework/Headers", "/Library/Frameworks/QtXml.framework/Headers", "/Library/Frameworks/QtCore.framework/Headers", /Users/kail/imClever/dev/virtualSkin/src/VirtualSkinLibrary, /Users/kail/imClever/dev/virtualSkin/src/VirtualSkinLibrary/RobotModel, /Users/kail/imClever/dev/virtualSkin/src/VirtualSkinLibrary/YarpFilter, /Users/kail/imClever/dev/virtualSkin/src/VirtualSkinLibrary/optimized, /Users/kail/imClever/dev/virtualSkin/src/VirtualSkinLibrary/debug, );
                            INSTALL_PATH = "";
                            LIBRARY_STYLE = STATIC;
                            OTHER_CFLAGS = "    -DNDEBUG  ";
                            OTHER_CPLUSPLUSFLAGS = "    -DNDEBUG  ";
                            OTHER_LDFLAGS = "";
                            OTHER_REZFLAGS = "";
                            PREBINDING = NO;
                            PRODUCT_NAME = YarpFilter;
                            SECTORDER_FLAGS = "";
                            SYMROOT = /Users/kail/imClever/dev/virtualSkin/xcode/src/VirtualSkinLibrary/YarpFilter;
                            USE_HEADERMAP = NO;
                            WARNING_CFLAGS = ("-Wmost", "-Wno-four-char-constants", "-Wno-unknown-pragmas", );
                     };
                     name = MinSizeRel;
              };
              100133010013301001330000 /* RelWithDebInfo */ = {
                     isa = XCBuildConfiguration;
                     buildSettings = {
                            CONFIGURATION_BUILD_DIR = /Users/kail/imClever/dev/virtualSkin/xcode/src/VirtualSkinLibrary/YarpFilter/RelWithDebInfo;
                            EXECUTABLE_PREFIX = lib;
                            EXECUTABLE_SUFFIX = ".a";
                            FRAMEWORK_SEARCH_PATHS = (/Library/Frameworks, );
                            GCC_GENERATE_DEBUGGING_SYMBOLS = YES;
                            GCC_INLINES_ARE_PRIVATE_EXTERN = NO;
                            GCC_OPTIMIZATION_LEVEL = 2;
                            GCC_PREPROCESSOR_DEFINITIONS = ("'CMAKE_INTDIR=\"$(CONFIGURATION)\"'", YARP_PRESENT, _REENTRANT, QT_OPENGL_LIB, QT_GUI_LIB, QT_XML_LIB, QT_CORE_LIB, QT_OPENGL_LIB, QT_GUI_LIB, QT_XML_LIB, QT_CORE_LIB, QT_NO_DEBUG, QT_NO_DEBUG, );
                            GCC_SYMBOLS_PRIVATE_EXTERN = NO;
                            HEADER_SEARCH_PATHS = (/Users/kail/Library/ace/ACE_wrappers, "/Users/kail/Library/yarp-2.2.6/src/libYARP_OS/include", "/Users/kail/Library/yarp-2.2.6/src/libYARP_sig/include", "/Users/kail/Library/yarp-2.2.6/src/libYARP_math/include", /opt/local/include, "/Users/kail/Library/yarp-2.2.6/src/libYARP_dev/include", "/Users/kail/Library/yarp-2.2.6/include", /Users/kail/Library/FreeSOLID/include, "/Library/Frameworks/QtOpenGL.framework/Headers", "/Library/Frameworks/QtGui.framework/Headers", "/Library/Frameworks/QtXml.framework/Headers", "/Library/Frameworks/QtCore.framework/Headers", /Users/kail/imClever/dev/virtualSkin/src/VirtualSkinLibrary, /Users/kail/imClever/dev/virtualSkin/src/VirtualSkinLibrary/RobotModel, /Users/kail/imClever/dev/virtualSkin/src/VirtualSkinLibrary/YarpFilter, /Users/kail/imClever/dev/virtualSkin/src/VirtualSkinLibrary/optimized, /Users/kail/imClever/dev/virtualSkin/src/VirtualSkinLibrary/debug, );
                            INSTALL_PATH = "";
                            LIBRARY_STYLE = STATIC;
                            OTHER_CFLAGS = "        ";
                            OTHER_CPLUSPLUSFLAGS = "        ";
                            OTHER_LDFLAGS = "";
                            OTHER_REZFLAGS = "";
                            PREBINDING = NO;
                            PRODUCT_NAME = YarpFilter;
                            SECTORDER_FLAGS = "";
                            SYMROOT = /Users/kail/imClever/dev/virtualSkin/xcode/src/VirtualSkinLibrary/YarpFilter;
                            USE_HEADERMAP = NO;
                            WARNING_CFLAGS = ("-Wmost", "-Wno-four-char-constants", "-Wno-unknown-pragmas", );
                     };
                     name = RelWithDebInfo;
              };
              10A85D010A85D010A85D0000 /* Debug */ = {
                     isa = XCBuildConfiguration;
                     buildSettings = {
                            FRAMEWORK_SEARCH_PATHS = (/Library/Frameworks, );
                            GCC_GENERATE_DEBUGGING_SYMBOLS = NO;
                            GCC_INLINES_ARE_PRIVATE_EXTERN = NO;
                            GCC_OPTIMIZATION_LEVEL = 0;
                            GCC_PREPROCESSOR_DEFINITIONS = ("'CMAKE_INTDIR=\"$(CONFIGURATION)\"'", YARP_PRESENT, _REENTRANT, QT_OPENGL_LIB, QT_GUI_LIB, QT_XML_LIB, QT_CORE_LIB, QT_OPENGL_LIB, QT_GUI_LIB, QT_XML_LIB, QT_CORE_LIB, QT_DEBUG, QT_DEBUG, );
                            GCC_SYMBOLS_PRIVATE_EXTERN = NO;
                            HEADER_SEARCH_PATHS = (/Users/kail/Library/ace/ACE_wrappers, "/Users/kail/Library/yarp-2.2.6/src/libYARP_OS/include", "/Users/kail/Library/yarp-2.2.6/src/libYARP_sig/include", "/Users/kail/Library/yarp-2.2.6/src/libYARP_math/include", /opt/local/include, "/Users/kail/Library/yarp-2.2.6/src/libYARP_dev/include", "/Users/kail/Library/yarp-2.2.6/include", /Users/kail/Library/FreeSOLID/include, "/Library/Frameworks/QtOpenGL.framework/Headers", "/Library/Frameworks/QtGui.framework/Headers", "/Library/Frameworks/QtXml.framework/Headers", "/Library/Frameworks/QtCore.framework/Headers", /Users/kail/imClever/dev/virtualSkin/src/VirtualSkinLibrary, /Users/kail/imClever/dev/virtualSkin/src/VirtualSkinLibrary/RobotModel, /Users/kail/imClever/dev/virtualSkin/src/VirtualSkinLibrary/YarpFilter, /Users/kail/imClever/dev/virtualSkin/src/VirtualSkinLibrary/optimized, /Users/kail/imClever/dev/virtualSkin/src/VirtualSkinLibrary/debug, );
                            INSTALL_PATH = "";
                            OTHER_CFLAGS = "  ";
                            OTHER_LDFLAGS = "";
                            OTHER_REZFLAGS = "";
                            PREBINDING = NO;
                            PRODUCT_NAME = install;
                            SECTORDER_FLAGS = "";
                            SYMROOT = /Users/kail/imClever/dev/virtualSkin/xcode/src/VirtualSkinLibrary/YarpFilter;
                            USE_HEADERMAP = NO;
                            WARNING_CFLAGS = ("-Wmost", "-Wno-four-char-constants", "-Wno-unknown-pragmas", );
                     };
                     name = Debug;
              };
              10AB7A010AB7A010AB7A0000 /* Release */ = {
                     isa = XCBuildConfiguration;
                     buildSettings = {
                            FRAMEWORK_SEARCH_PATHS = (/Library/Frameworks, );
                            GCC_GENERATE_DEBUGGING_SYMBOLS = NO;
                            GCC_INLINES_ARE_PRIVATE_EXTERN = NO;
                            GCC_OPTIMIZATION_LEVEL = 0;
                            GCC_PREPROCESSOR_DEFINITIONS = ("'CMAKE_INTDIR=\"$(CONFIGURATION)\"'", YARP_PRESENT, _REENTRANT, QT_OPENGL_LIB, QT_GUI_LIB, QT_XML_LIB, QT_CORE_LIB, QT_OPENGL_LIB, QT_GUI_LIB, QT_XML_LIB, QT_CORE_LIB, QT_NO_DEBUG, QT_NO_DEBUG, );
                            GCC_SYMBOLS_PRIVATE_EXTERN = NO;
                            HEADER_SEARCH_PATHS = (/Users/kail/Library/ace/ACE_wrappers, "/Users/kail/Library/yarp-2.2.6/src/libYARP_OS/include", "/Users/kail/Library/yarp-2.2.6/src/libYARP_sig/include", "/Users/kail/Library/yarp-2.2.6/src/libYARP_math/include", /opt/local/include, "/Users/kail/Library/yarp-2.2.6/src/libYARP_dev/include", "/Users/kail/Library/yarp-2.2.6/include", /Users/kail/Library/FreeSOLID/include, "/Library/Frameworks/QtOpenGL.framework/Headers", "/Library/Frameworks/QtGui.framework/Headers", "/Library/Frameworks/QtXml.framework/Headers", "/Library/Frameworks/QtCore.framework/Headers", /Users/kail/imClever/dev/virtualSkin/src/VirtualSkinLibrary, /Users/kail/imClever/dev/virtualSkin/src/VirtualSkinLibrary/RobotModel, /Users/kail/imClever/dev/virtualSkin/src/VirtualSkinLibrary/YarpFilter, /Users/kail/imClever/dev/virtualSkin/src/VirtualSkinLibrary/optimized, /Users/kail/imClever/dev/virtualSkin/src/VirtualSkinLibrary/debug, );
                            INSTALL_PATH = "";
                            OTHER_CFLAGS = "  ";
                            OTHER_LDFLAGS = "";
                            OTHER_REZFLAGS = "";
                            PREBINDING = NO;
                            PRODUCT_NAME = install;
                            SECTORDER_FLAGS = "";
                            SYMROOT = /Users/kail/imClever/dev/virtualSkin/xcode/src/VirtualSkinLibrary/YarpFilter;
                            USE_HEADERMAP = NO;
                            WARNING_CFLAGS = ("-Wmost", "-Wno-four-char-constants", "-Wno-unknown-pragmas", );
                     };
                     name = Release;
              };
              10AE89010AE89010AE890000 /* MinSizeRel */ = {
                     isa = XCBuildConfiguration;
                     buildSettings = {
                            FRAMEWORK_SEARCH_PATHS = (/Library/Frameworks, );
                            GCC_GENERATE_DEBUGGING_SYMBOLS = NO;
                            GCC_INLINES_ARE_PRIVATE_EXTERN = NO;
                            GCC_OPTIMIZATION_LEVEL = 0;
                            GCC_PREPROCESSOR_DEFINITIONS = ("'CMAKE_INTDIR=\"$(CONFIGURATION)\"'", YARP_PRESENT, _REENTRANT, QT_OPENGL_LIB, QT_GUI_LIB, QT_XML_LIB, QT_CORE_LIB, QT_OPENGL_LIB, QT_GUI_LIB, QT_XML_LIB, QT_CORE_LIB, QT_NO_DEBUG, QT_NO_DEBUG, );
                            GCC_SYMBOLS_PRIVATE_EXTERN = NO;
                            HEADER_SEARCH_PATHS = (/Users/kail/Library/ace/ACE_wrappers, "/Users/kail/Library/yarp-2.2.6/src/libYARP_OS/include", "/Users/kail/Library/yarp-2.2.6/src/libYARP_sig/include", "/Users/kail/Library/yarp-2.2.6/src/libYARP_math/include", /opt/local/include, "/Users/kail/Library/yarp-2.2.6/src/libYARP_dev/include", "/Users/kail/Library/yarp-2.2.6/include", /Users/kail/Library/FreeSOLID/include, "/Library/Frameworks/QtOpenGL.framework/Headers", "/Library/Frameworks/QtGui.framework/Headers", "/Library/Frameworks/QtXml.framework/Headers", "/Library/Frameworks/QtCore.framework/Headers", /Users/kail/imClever/dev/virtualSkin/src/VirtualSkinLibrary, /Users/kail/imClever/dev/virtualSkin/src/VirtualSkinLibrary/RobotModel, /Users/kail/imClever/dev/virtualSkin/src/VirtualSkinLibrary/YarpFilter, /Users/kail/imClever/dev/virtualSkin/src/VirtualSkinLibrary/optimized, /Users/kail/imClever/dev/virtualSkin/src/VirtualSkinLibrary/debug, );
                            INSTALL_PATH = "";
                            OTHER_CFLAGS = "  ";
                            OTHER_LDFLAGS = "";
                            OTHER_REZFLAGS = "";
                            PREBINDING = NO;
                            PRODUCT_NAME = install;
                            SECTORDER_FLAGS = "";
                            SYMROOT = /Users/kail/imClever/dev/virtualSkin/xcode/src/VirtualSkinLibrary/YarpFilter;
                            USE_HEADERMAP = NO;
                            WARNING_CFLAGS = ("-Wmost", "-Wno-four-char-constants", "-Wno-unknown-pragmas", );
                     };
                     name = MinSizeRel;
              };
              10B198010B198010B1980000 /* RelWithDebInfo */ = {
                     isa = XCBuildConfiguration;
                     buildSettings = {
                            FRAMEWORK_SEARCH_PATHS = (/Library/Frameworks, );
                            GCC_GENERATE_DEBUGGING_SYMBOLS = NO;
                            GCC_INLINES_ARE_PRIVATE_EXTERN = NO;
                            GCC_OPTIMIZATION_LEVEL = 0;
                            GCC_PREPROCESSOR_DEFINITIONS = ("'CMAKE_INTDIR=\"$(CONFIGURATION)\"'", YARP_PRESENT, _REENTRANT, QT_OPENGL_LIB, QT_GUI_LIB, QT_XML_LIB, QT_CORE_LIB, QT_OPENGL_LIB, QT_GUI_LIB, QT_XML_LIB, QT_CORE_LIB, QT_NO_DEBUG, QT_NO_DEBUG, );
                            GCC_SYMBOLS_PRIVATE_EXTERN = NO;
                            HEADER_SEARCH_PATHS = (/Users/kail/Library/ace/ACE_wrappers, "/Users/kail/Library/yarp-2.2.6/src/libYARP_OS/include", "/Users/kail/Library/yarp-2.2.6/src/libYARP_sig/include", "/Users/kail/Library/yarp-2.2.6/src/libYARP_math/include", /opt/local/include, "/Users/kail/Library/yarp-2.2.6/src/libYARP_dev/include", "/Users/kail/Library/yarp-2.2.6/include", /Users/kail/Library/FreeSOLID/include, "/Library/Frameworks/QtOpenGL.framework/Headers", "/Library/Frameworks/QtGui.framework/Headers", "/Library/Frameworks/QtXml.framework/Headers", "/Library/Frameworks/QtCore.framework/Headers", /Users/kail/imClever/dev/virtualSkin/src/VirtualSkinLibrary, /Users/kail/imClever/dev/virtualSkin/src/VirtualSkinLibrary/RobotModel, /Users/kail/imClever/dev/virtualSkin/src/VirtualSkinLibrary/YarpFilter, /Users/kail/imClever/dev/virtualSkin/src/VirtualSkinLibrary/optimized, /Users/kail/imClever/dev/virtualSkin/src/VirtualSkinLibrary/debug, );
                            INSTALL_PATH = "";
                            OTHER_CFLAGS = "  ";
                            OTHER_LDFLAGS = "";
                            OTHER_REZFLAGS = "";
                            PREBINDING = NO;
                            PRODUCT_NAME = install;
                            SECTORDER_FLAGS = "";
                            SYMROOT = /Users/kail/imClever/dev/virtualSkin/xcode/src/VirtualSkinLibrary/YarpFilter;
                            USE_HEADERMAP = NO;
                            WARNING_CFLAGS = ("-Wmost", "-Wno-four-char-constants", "-Wno-unknown-pragmas", );
                     };
                     name = RelWithDebInfo;
              };
/* End XCBuildConfiguration section */

/* Begin XCConfigurationList section */
              104BA70104BA70104BA70000 /* Build configuration list for PBXProject  "YarpFilter" */ = {
                     isa = XCConfigurationList;
                     buildConfigurations = (
                            104BB90104BB90104BB90000 /* Debug */,
                            104BD80104BD80104BD80000 /* Release */,
                            104BF70104BF70104BF70000 /* MinSizeRel */,
                            104C160104C160104C160000 /* RelWithDebInfo */,
                     );
                     defaultConfigurationIsVisible = 0;
                     defaultConfigurationName = Debug;
              };
              10730A010730A010730A0000 /* Build configuration list for PBXAggregateTarget "ALL_BUILD" */ = {
                     isa = XCConfigurationList;
                     buildConfigurations = (
                            107365010736501073650000 /* Debug */,
                            107682010768201076820000 /* Release */,
                            107991010799101079910000 /* MinSizeRel */,
                            107CA00107CA00107CA00000 /* RelWithDebInfo */,
                     );
                     defaultConfigurationIsVisible = 0;
                     defaultConfigurationName = Debug;
              };
              108BFF0108BFF0108BFF0000 /* Build configuration list for PBXNativeTarget "YarpFilter" */ = {
                     isa = XCConfigurationList;
                     buildConfigurations = (
                            108C350108C350108C350000 /* Debug */,
                            108F9E0108F9E0108F9E0000 /* Release */,
                            103E0B0103E0B0103E0B0000 /* MinSizeRel */,
                            100133010013301001330000 /* RelWithDebInfo */,
                     );
                     defaultConfigurationIsVisible = 0;
                     defaultConfigurationName = Debug;
              };
              10A801010A801010A8010000 /* Build configuration list for PBXAggregateTarget "install" */ = {
                     isa = XCConfigurationList;
                     buildConfigurations = (
                            10A85D010A85D010A85D0000 /* Debug */,
                            10AB7A010AB7A010AB7A0000 /* Release */,
                            10AE89010AE89010AE890000 /* MinSizeRel */,
                            10B198010B198010B1980000 /* RelWithDebInfo */,
                     );
                     defaultConfigurationIsVisible = 0;
                     defaultConfigurationName = Debug;
              };
/* End XCConfigurationList section */
       };
       rootObject = 10A115010A115010A1150000;
}
