// !$*UTF8*$!
{
       archiveVersion = 1;
       classes = {
       };
       objectVersion = 45;
       objects = {

/* Begin PBXAggregateTarget section */
              105BD10105BD10105BD10000 /* ALL_BUILD */ = {
                     isa = PBXAggregateTarget;
                     buildConfigurationList = 105CD40105CD40105CD40000 /* Build configuration list for PBXAggregateTarget "ALL_BUILD" */;
                     buildPhases = (
                            105BF30105BF30105BF30000 /* CMake ReRun */,
                            105C650105C650105C650000 /* CMake Rules */,
                     );
                     dependencies = (
                            10D0E9010D0E9010D0E90000 /* PBXTargetDependency */,
                     );
                     name = ALL_BUILD;
                     productName = ALL_BUILD;
              };
              10C2B8010C2B8010C2B80000 /* install */ = {
                     isa = PBXAggregateTarget;
                     buildConfigurationList = 10C3AF010C3AF010C3AF0000 /* Build configuration list for PBXAggregateTarget "install" */;
                     buildPhases = (
                            10C2D6010C2D6010C2D60000 /* CMake ReRun */,
                            10C348010C348010C3480000 /* CMake PostBuild Rules */,
                     );
                     dependencies = (
                            10D172010D172010D1720000 /* PBXTargetDependency */,
                     );
                     name = install;
                     productName = install;
              };
/* End PBXAggregateTarget section */

/* Begin PBXBuildFile section */
109BA90109BA90109BA90000 /* /Users/kail/imClever/dev/virtualSkinSOLID3/src/VirtualSkinLibrary/YarpFilter/RpcFilterImpl.cpp */ = {isa = PBXBuildFile; fileRef = 109B3A0109B3A0109B3A0000 /* /Users/kail/imClever/dev/virtualSkinSOLID3/src/VirtualSkinLibrary/YarpFilter/RpcFilterImpl.cpp */; settings = { COMPILER_FLAGS = ""; }; };
109C580109C580109C580000 /* /Users/kail/imClever/dev/virtualSkinSOLID3/src/VirtualSkinLibrary/YarpFilter/RpcFilter.cpp */ = {isa = PBXBuildFile; fileRef = 109BDF0109BDF0109BDF0000 /* /Users/kail/imClever/dev/virtualSkinSOLID3/src/VirtualSkinLibrary/YarpFilter/RpcFilter.cpp */; settings = { COMPILER_FLAGS = ""; }; };
1052C201052C201052C20000 /* /Users/kail/imClever/dev/virtualSkinSOLID3/src/VirtualSkinLibrary/YarpFilter/StreamFilterImpl.cpp */ = {isa = PBXBuildFile; fileRef = 109C8E0109C8E0109C8E0000 /* /Users/kail/imClever/dev/virtualSkinSOLID3/src/VirtualSkinLibrary/YarpFilter/StreamFilterImpl.cpp */; settings = { COMPILER_FLAGS = ""; }; };
10536B010536B010536B0000 /* /Users/kail/imClever/dev/virtualSkinSOLID3/src/VirtualSkinLibrary/YarpFilter/StreamFilter.cpp */ = {isa = PBXBuildFile; fileRef = 1052F301052F301052F30000 /* /Users/kail/imClever/dev/virtualSkinSOLID3/src/VirtualSkinLibrary/YarpFilter/StreamFilter.cpp */; settings = { COMPILER_FLAGS = ""; }; };
1051BD01051BD01051BD0000 /* /Users/kail/imClever/dev/virtualSkinSOLID3/src/VirtualSkinLibrary/YarpFilter/ControlBoardFilter.cpp */ = {isa = PBXBuildFile; fileRef = 10B1A8010B1A8010B1A80000 /* /Users/kail/imClever/dev/virtualSkinSOLID3/src/VirtualSkinLibrary/YarpFilter/ControlBoardFilter.cpp */; settings = { COMPILER_FLAGS = ""; }; };
1053B201053B201053B20000 /* /Users/kail/imClever/dev/virtualSkinSOLID3/src/VirtualSkinLibrary/YarpFilter/yarp/os/impl/RpcFilterImpl.h */ = {isa = PBXBuildFile; fileRef = 1051F101051F101051F10000 /* /Users/kail/imClever/dev/virtualSkinSOLID3/src/VirtualSkinLibrary/YarpFilter/yarp/os/impl/RpcFilterImpl.h */; settings = { COMPILER_FLAGS = ""; }; };
10545C010545C010545C0000 /* /Users/kail/imClever/dev/virtualSkinSOLID3/src/VirtualSkinLibrary/YarpFilter/yarp/os/RpcFilter.h */ = {isa = PBXBuildFile; fileRef = 1053E501053E501053E50000 /* /Users/kail/imClever/dev/virtualSkinSOLID3/src/VirtualSkinLibrary/YarpFilter/yarp/os/RpcFilter.h */; settings = { COMPILER_FLAGS = ""; }; };
10B173010B173010B1730000 /* /Users/kail/imClever/dev/virtualSkinSOLID3/src/VirtualSkinLibrary/YarpFilter/yarp/os/impl/StreamFilterImpl.h */ = {isa = PBXBuildFile; fileRef = 105493010549301054930000 /* /Users/kail/imClever/dev/virtualSkinSOLID3/src/VirtualSkinLibrary/YarpFilter/yarp/os/impl/StreamFilterImpl.h */; settings = { COMPILER_FLAGS = ""; }; };
10ADF2010ADF2010ADF20000 /* /Users/kail/imClever/dev/virtualSkinSOLID3/src/VirtualSkinLibrary/YarpFilter/yarp/os/StreamFilter.h */ = {isa = PBXBuildFile; fileRef = 10AD71010AD71010AD710000 /* /Users/kail/imClever/dev/virtualSkinSOLID3/src/VirtualSkinLibrary/YarpFilter/yarp/os/StreamFilter.h */; settings = { COMPILER_FLAGS = ""; }; };
10AEAB010AEAB010AEAB0000 /* /Users/kail/imClever/dev/virtualSkinSOLID3/src/VirtualSkinLibrary/YarpFilter/yarp/os/ControlBoardFilter.h */ = {isa = PBXBuildFile; fileRef = 10AE26010AE26010AE260000 /* /Users/kail/imClever/dev/virtualSkinSOLID3/src/VirtualSkinLibrary/YarpFilter/yarp/os/ControlBoardFilter.h */; settings = { COMPILER_FLAGS = ""; }; };
10AF57010AF57010AF570000 /* /Users/kail/imClever/dev/virtualSkinSOLID3/src/VirtualSkinLibrary/YarpFilter/yarp/os/IObserver.h */ = {isa = PBXBuildFile; fileRef = 10AEDE010AEDE010AEDE0000 /* /Users/kail/imClever/dev/virtualSkinSOLID3/src/VirtualSkinLibrary/YarpFilter/yarp/os/IObserver.h */; settings = { COMPILER_FLAGS = ""; }; };
10EE60010EE60010EE600000 /* /Users/kail/imClever/dev/virtualSkinSOLID3/src/VirtualSkinLibrary/YarpFilter/yarp/os/IReplier.h */ = {isa = PBXBuildFile; fileRef = 10AF8F010AF8F010AF8F0000 /* /Users/kail/imClever/dev/virtualSkinSOLID3/src/VirtualSkinLibrary/YarpFilter/yarp/os/IReplier.h */; settings = { COMPILER_FLAGS = ""; }; };
10B250010B250010B2500000 /* /Users/kail/imClever/dev/virtualSkinSOLID3/src/VirtualSkinLibrary/YarpFilter/CMakeLists.txt */ = {isa = PBXBuildFile; fileRef = 109AC20109AC20109AC20000 /* /Users/kail/imClever/dev/virtualSkinSOLID3/src/VirtualSkinLibrary/YarpFilter/CMakeLists.txt */; settings = { COMPILER_FLAGS = ""; }; };
/* End PBXBuildFile section */

/* Begin PBXBuildStyle section */
              104F320104F320104F320000 /*  */ = {
                     isa = PBXBuildStyle;
              };
              107A170107A170107A170000 /* Debug */ = {
                     isa = PBXBuildStyle;
                     buildSettings = {
                            COPY_PHASE_STRIP = NO;
                     };
                     name = Debug;
              };
              10839F010839F010839F0000 /* Release */ = {
                     isa = PBXBuildStyle;
                     buildSettings = {
                            COPY_PHASE_STRIP = NO;
                     };
                     name = Release;
              };
              104DB10104DB10104DB10000 /* MinSizeRel */ = {
                     isa = PBXBuildStyle;
                     buildSettings = {
                            COPY_PHASE_STRIP = NO;
                     };
                     name = MinSizeRel;
              };
              109FE20109FE20109FE20000 /* RelWithDebInfo */ = {
                     isa = PBXBuildStyle;
                     buildSettings = {
                            COPY_PHASE_STRIP = NO;
                     };
                     name = RelWithDebInfo;
              };
/* End PBXBuildStyle section */

/* Begin PBXContainerItemProxy section */
              10D097010D097010D0970000 /* PBXContainerItemProxy */ = {
                     isa = PBXContainerItemProxy;
                     containerPortal = 109CD90109CD90109CD90000 /* Project object */;
                     proxyType = 1;
                     remoteGlobalIDString = 10B3D0010B3D0010B3D00000;
                     remoteInfo = YarpFilter;
              };
              10D132010D132010D1320000 /* PBXContainerItemProxy */ = {
                     isa = PBXContainerItemProxy;
                     containerPortal = 109CD90109CD90109CD90000 /* Project object */;
                     proxyType = 1;
                     remoteGlobalIDString = 105BD10105BD10105BD10000;
                     remoteInfo = ALL_BUILD;
              };
/* End PBXContainerItemProxy section */

/* Begin PBXFileReference section */
109AC20109AC20109AC20000 /* /Users/kail/imClever/dev/virtualSkinSOLID3/src/VirtualSkinLibrary/YarpFilter/CMakeLists.txt */ = {isa = PBXFileReference; fileEncoding = 4; lastKnownFileType = "sourcecode.text"; name = "CMakeLists.txt"; path = "CMakeLists.txt"; sourceTree = SOURCE_ROOT; };
109B3A0109B3A0109B3A0000 /* /Users/kail/imClever/dev/virtualSkinSOLID3/src/VirtualSkinLibrary/YarpFilter/RpcFilterImpl.cpp */ = {isa = PBXFileReference; fileEncoding = 4; lastKnownFileType = "sourcecode.cpp.cpp"; name = "RpcFilterImpl.cpp"; path = "RpcFilterImpl.cpp"; sourceTree = SOURCE_ROOT; };
109BDF0109BDF0109BDF0000 /* /Users/kail/imClever/dev/virtualSkinSOLID3/src/VirtualSkinLibrary/YarpFilter/RpcFilter.cpp */ = {isa = PBXFileReference; fileEncoding = 4; lastKnownFileType = "sourcecode.cpp.cpp"; name = "RpcFilter.cpp"; path = "RpcFilter.cpp"; sourceTree = SOURCE_ROOT; };
109C8E0109C8E0109C8E0000 /* /Users/kail/imClever/dev/virtualSkinSOLID3/src/VirtualSkinLibrary/YarpFilter/StreamFilterImpl.cpp */ = {isa = PBXFileReference; fileEncoding = 4; lastKnownFileType = "sourcecode.cpp.cpp"; name = "StreamFilterImpl.cpp"; path = "StreamFilterImpl.cpp"; sourceTree = SOURCE_ROOT; };
1052F301052F301052F30000 /* /Users/kail/imClever/dev/virtualSkinSOLID3/src/VirtualSkinLibrary/YarpFilter/StreamFilter.cpp */ = {isa = PBXFileReference; fileEncoding = 4; lastKnownFileType = "sourcecode.cpp.cpp"; name = "StreamFilter.cpp"; path = "StreamFilter.cpp"; sourceTree = SOURCE_ROOT; };
10B1A8010B1A8010B1A80000 /* /Users/kail/imClever/dev/virtualSkinSOLID3/src/VirtualSkinLibrary/YarpFilter/ControlBoardFilter.cpp */ = {isa = PBXFileReference; fileEncoding = 4; lastKnownFileType = "sourcecode.cpp.cpp"; name = "ControlBoardFilter.cpp"; path = "ControlBoardFilter.cpp"; sourceTree = SOURCE_ROOT; };
1051F101051F101051F10000 /* /Users/kail/imClever/dev/virtualSkinSOLID3/src/VirtualSkinLibrary/YarpFilter/yarp/os/impl/RpcFilterImpl.h */ = {isa = PBXFileReference; fileEncoding = 4; lastKnownFileType = "sourcecode.c.h"; name = "RpcFilterImpl.h"; path = "yarp/os/impl/RpcFilterImpl.h"; sourceTree = SOURCE_ROOT; };
1053E501053E501053E50000 /* /Users/kail/imClever/dev/virtualSkinSOLID3/src/VirtualSkinLibrary/YarpFilter/yarp/os/RpcFilter.h */ = {isa = PBXFileReference; fileEncoding = 4; lastKnownFileType = "sourcecode.c.h"; name = "RpcFilter.h"; path = "yarp/os/RpcFilter.h"; sourceTree = SOURCE_ROOT; };
105493010549301054930000 /* /Users/kail/imClever/dev/virtualSkinSOLID3/src/VirtualSkinLibrary/YarpFilter/yarp/os/impl/StreamFilterImpl.h */ = {isa = PBXFileReference; fileEncoding = 4; lastKnownFileType = "sourcecode.c.h"; name = "StreamFilterImpl.h"; path = "yarp/os/impl/StreamFilterImpl.h"; sourceTree = SOURCE_ROOT; };
10AD71010AD71010AD710000 /* /Users/kail/imClever/dev/virtualSkinSOLID3/src/VirtualSkinLibrary/YarpFilter/yarp/os/StreamFilter.h */ = {isa = PBXFileReference; fileEncoding = 4; lastKnownFileType = "sourcecode.c.h"; name = "StreamFilter.h"; path = "yarp/os/StreamFilter.h"; sourceTree = SOURCE_ROOT; };
10AE26010AE26010AE260000 /* /Users/kail/imClever/dev/virtualSkinSOLID3/src/VirtualSkinLibrary/YarpFilter/yarp/os/ControlBoardFilter.h */ = {isa = PBXFileReference; fileEncoding = 4; lastKnownFileType = "sourcecode.c.h"; name = "ControlBoardFilter.h"; path = "yarp/os/ControlBoardFilter.h"; sourceTree = SOURCE_ROOT; };
10AEDE010AEDE010AEDE0000 /* /Users/kail/imClever/dev/virtualSkinSOLID3/src/VirtualSkinLibrary/YarpFilter/yarp/os/IObserver.h */ = {isa = PBXFileReference; fileEncoding = 4; lastKnownFileType = "sourcecode.c.h"; name = "IObserver.h"; path = "yarp/os/IObserver.h"; sourceTree = SOURCE_ROOT; };
10AF8F010AF8F010AF8F0000 /* /Users/kail/imClever/dev/virtualSkinSOLID3/src/VirtualSkinLibrary/YarpFilter/yarp/os/IReplier.h */ = {isa = PBXFileReference; fileEncoding = 4; lastKnownFileType = "sourcecode.c.h"; name = "IReplier.h"; path = "yarp/os/IReplier.h"; sourceTree = SOURCE_ROOT; };
10C1D4010C1D4010C1D40000 /* YarpFilter */ = {isa = PBXFileReference; explicitFileType = "archive.ar"; path = "libYarpFilter.a"; refType = 0; sourceTree = BUILT_PRODUCTS_DIR; };
/* End PBXFileReference section */

/* Begin PBXGroup section */
              107A730107A730107A730000  = {
                     isa = PBXGroup;
                     children = (
                            10A29D010A29D010A29D0000 /* Sources */,
                            10A242010A242010A2420000 /* Resources */,
                            10EEAF010EEAF010EEAF0000 /* Products */,
                     );
                     sourceTree = "<group>";
              };
              10A29D010A29D010A29D0000 /* Sources */ = {
                     isa = PBXGroup;
                     children = (
                            10505A010505A010505A0000 /* ALL_BUILD */,
                            106057010605701060570000 /* YarpFilter */,
                     );
                     name = Sources;
                     sourceTree = "<group>";
              };
              10A242010A242010A2420000 /* Resources */ = {
                     isa = PBXGroup;
                     children = (
                     );
                     name = Resources;
                     sourceTree = "<group>";
              };
              10505A010505A010505A0000 /* ALL_BUILD */ = {
                     isa = PBXGroup;
                     children = (
                            10A9E8010A9E8010A9E80000 /* CMake Rules */,
                            109AC20109AC20109AC20000 /* /Users/kail/imClever/dev/virtualSkinSOLID3/src/VirtualSkinLibrary/YarpFilter/CMakeLists.txt */,
                     );
                     name = ALL_BUILD;
                     sourceTree = "<group>";
              };
              10A9E8010A9E8010A9E80000 /* CMake Rules */ = {
                     isa = PBXGroup;
                     children = (
                     );
                     name = "CMake Rules";
                     sourceTree = "<group>";
              };
              106057010605701060570000 /* YarpFilter */ = {
                     isa = PBXGroup;
                     children = (
                            10A617010A617010A6170000 /* Source Files */,
                            10EE81010EE81010EE810000 /* Header Files */,
                            109AC20109AC20109AC20000 /* /Users/kail/imClever/dev/virtualSkinSOLID3/src/VirtualSkinLibrary/YarpFilter/CMakeLists.txt */,
                     );
                     name = YarpFilter;
                     sourceTree = "<group>";
              };
              10A617010A617010A6170000 /* Source Files */ = {
                     isa = PBXGroup;
                     children = (
                            109B3A0109B3A0109B3A0000 /* /Users/kail/imClever/dev/virtualSkinSOLID3/src/VirtualSkinLibrary/YarpFilter/RpcFilterImpl.cpp */,
                            109BDF0109BDF0109BDF0000 /* /Users/kail/imClever/dev/virtualSkinSOLID3/src/VirtualSkinLibrary/YarpFilter/RpcFilter.cpp */,
                            109C8E0109C8E0109C8E0000 /* /Users/kail/imClever/dev/virtualSkinSOLID3/src/VirtualSkinLibrary/YarpFilter/StreamFilterImpl.cpp */,
                            1052F301052F301052F30000 /* /Users/kail/imClever/dev/virtualSkinSOLID3/src/VirtualSkinLibrary/YarpFilter/StreamFilter.cpp */,
                            10B1A8010B1A8010B1A80000 /* /Users/kail/imClever/dev/virtualSkinSOLID3/src/VirtualSkinLibrary/YarpFilter/ControlBoardFilter.cpp */,
                     );
                     name = "Source Files";
                     sourceTree = "<group>";
              };
              10EE81010EE81010EE810000 /* Header Files */ = {
                     isa = PBXGroup;
                     children = (
                            1051F101051F101051F10000 /* /Users/kail/imClever/dev/virtualSkinSOLID3/src/VirtualSkinLibrary/YarpFilter/yarp/os/impl/RpcFilterImpl.h */,
                            1053E501053E501053E50000 /* /Users/kail/imClever/dev/virtualSkinSOLID3/src/VirtualSkinLibrary/YarpFilter/yarp/os/RpcFilter.h */,
                            105493010549301054930000 /* /Users/kail/imClever/dev/virtualSkinSOLID3/src/VirtualSkinLibrary/YarpFilter/yarp/os/impl/StreamFilterImpl.h */,
                            10AD71010AD71010AD710000 /* /Users/kail/imClever/dev/virtualSkinSOLID3/src/VirtualSkinLibrary/YarpFilter/yarp/os/StreamFilter.h */,
                            10AE26010AE26010AE260000 /* /Users/kail/imClever/dev/virtualSkinSOLID3/src/VirtualSkinLibrary/YarpFilter/yarp/os/ControlBoardFilter.h */,
                            10AEDE010AEDE010AEDE0000 /* /Users/kail/imClever/dev/virtualSkinSOLID3/src/VirtualSkinLibrary/YarpFilter/yarp/os/IObserver.h */,
                            10AF8F010AF8F010AF8F0000 /* /Users/kail/imClever/dev/virtualSkinSOLID3/src/VirtualSkinLibrary/YarpFilter/yarp/os/IReplier.h */,
                     );
                     name = "Header Files";
                     sourceTree = "<group>";
              };
              10EEAF010EEAF010EEAF0000 /* Products */ = {
                     isa = PBXGroup;
                     children = (
                            10C1D4010C1D4010C1D40000 /* YarpFilter */,
                     );
                     name = Products;
                     sourceTree = "<group>";
              };
/* End PBXGroup section */

/* Begin PBXNativeTarget section */
              10B3D0010B3D0010B3D00000 /* YarpFilter */ = {
                     isa = PBXNativeTarget;
                     buildConfigurationList = 10B3E5010B3E5010B3E50000 /* Build configuration list for PBXNativeTarget "YarpFilter" */;
                     buildPhases = (
                            10B2C9010B2C9010B2C90000 /* CMake ReRun */,
                            10B280010B280010B2800000 /* Sources */,
                            10B33B010B33B010B33B0000 /* CMake PostBuild Rules */,
                     );
                     buildRules = (
                     );
                     dependencies = (
                     );
                     name = YarpFilter;
                     productName = YarpFilter;
                     productReference = 10C1D4010C1D4010C1D40000 /* YarpFilter */;
                     productType = "com.apple.product-type.library.static";
              };
/* End PBXNativeTarget section */

/* Begin PBXProject section */
              109CD90109CD90109CD90000 /* Project object */ = {
                     isa = PBXProject;
                     attributes = {
                            BuildIndependentTargetsInParallel = YES;
                     };
                     buildConfigurationList = 109D6F0109D6F0109D6F0000 /* Build configuration list for PBXProject  "YarpFilter" */;
                     buildSettings = {
                     };
                     buildStyles = (
                            107A170107A170107A170000 /* Debug */,
                            10839F010839F010839F0000 /* Release */,
                            104DB10104DB10104DB10000 /* MinSizeRel */,
                            109FE20109FE20109FE20000 /* RelWithDebInfo */,
                     );
                     compatibilityVersion = "Xcode 3.1";
                     hasScannedForEncodings = 0;
                     mainGroup = 107A730107A730107A730000;
                     projectDirPath = "../../../../src/VirtualSkinLibrary/YarpFilter";
                     projectRoot = "";
                     targets = (
                            105BD10105BD10105BD10000 /* ALL_BUILD */,
                            10B3D0010B3D0010B3D00000 /* YarpFilter */,
                            10C2B8010C2B8010C2B80000 /* install */,
                     );
              };
/* End PBXProject section */

/* Begin PBXShellScriptBuildPhase section */
              105B5A0105B5A0105B5A0000 /*  */ = {
                     isa = PBXShellScriptBuildPhase;
                     buildActionMask = 2147483647;
                     files = (
                     );
                     inputPaths = (
                     );
                     outputPaths = (
                     );
                     runOnlyForDeploymentPostprocessing = 0;
                     shellPath = /bin/sh;
                     shellScript = "# shell script goes here
exit 0";
              };
              105BF30105BF30105BF30000 /* CMake ReRun */ = {
                     isa = PBXShellScriptBuildPhase;
                     buildActionMask = 2147483647;
                     files = (
                     );
                     name = "CMake ReRun";
                     runOnlyForDeploymentPostprocessing = 0;
                     shellPath = /bin/sh;
                     shellScript = "make -C /Users/kail/imClever/dev/virtualSkinSOLID3/xcode -f /Users/kail/imClever/dev/virtualSkinSOLID3/xcode/CMakeScripts/ReRunCMake.make";
              };
              105C650105C650105C650000 /* CMake Rules */ = {
                     isa = PBXShellScriptBuildPhase;
                     buildActionMask = 2147483647;
                     files = (
                     );
                     name = "CMake Rules";
                     runOnlyForDeploymentPostprocessing = 0;
                     shellPath = /bin/sh;
                     shellScript = "make -C /Users/kail/imClever/dev/virtualSkinSOLID3/xcode/src/VirtualSkinLibrary/YarpFilter -f /Users/kail/imClever/dev/virtualSkinSOLID3/xcode/src/VirtualSkinLibrary/YarpFilter/CMakeScripts/ALL_BUILD_cmakeRulesBuildPhase.make$CONFIGURATION all";
              };
              10B2C9010B2C9010B2C90000 /* CMake ReRun */ = {
                     isa = PBXShellScriptBuildPhase;
                     buildActionMask = 2147483647;
                     files = (
                     );
                     name = "CMake ReRun";
                     runOnlyForDeploymentPostprocessing = 0;
                     shellPath = /bin/sh;
                     shellScript = "make -C /Users/kail/imClever/dev/virtualSkinSOLID3/xcode -f /Users/kail/imClever/dev/virtualSkinSOLID3/xcode/CMakeScripts/ReRunCMake.make";
              };
              10B33B010B33B010B33B0000 /* CMake PostBuild Rules */ = {
                     isa = PBXShellScriptBuildPhase;
                     buildActionMask = 2147483647;
                     files = (
                     );
                     name = "CMake PostBuild Rules";
                     runOnlyForDeploymentPostprocessing = 0;
                     shellPath = /bin/sh;
                     shellScript = "make -C /Users/kail/imClever/dev/virtualSkinSOLID3/xcode/src/VirtualSkinLibrary/YarpFilter -f /Users/kail/imClever/dev/virtualSkinSOLID3/xcode/src/VirtualSkinLibrary/YarpFilter/CMakeScripts/YarpFilter_postBuildPhase.make$CONFIGURATION all";
              };
              10C247010C247010C2470000 /*  */ = {
                     isa = PBXShellScriptBuildPhase;
                     buildActionMask = 2147483647;
                     files = (
                     );
                     inputPaths = (
                     );
                     outputPaths = (
                     );
                     runOnlyForDeploymentPostprocessing = 0;
                     shellPath = /bin/sh;
                     shellScript = "# shell script goes here
exit 0";
              };
              10C2D6010C2D6010C2D60000 /* CMake ReRun */ = {
                     isa = PBXShellScriptBuildPhase;
                     buildActionMask = 2147483647;
                     files = (
                     );
                     name = "CMake ReRun";
                     runOnlyForDeploymentPostprocessing = 0;
                     shellPath = /bin/sh;
                     shellScript = "make -C /Users/kail/imClever/dev/virtualSkinSOLID3/xcode -f /Users/kail/imClever/dev/virtualSkinSOLID3/xcode/CMakeScripts/ReRunCMake.make";
              };
              10C348010C348010C3480000 /* CMake PostBuild Rules */ = {
                     isa = PBXShellScriptBuildPhase;
                     buildActionMask = 2147483647;
                     files = (
                     );
                     name = "CMake PostBuild Rules";
                     runOnlyForDeploymentPostprocessing = 0;
                     shellPath = /bin/sh;
                     shellScript = "make -C /Users/kail/imClever/dev/virtualSkinSOLID3/xcode/src/VirtualSkinLibrary/YarpFilter -f /Users/kail/imClever/dev/virtualSkinSOLID3/xcode/src/VirtualSkinLibrary/YarpFilter/CMakeScripts/install_postBuildPhase.make$CONFIGURATION all";
              };
/* End PBXShellScriptBuildPhase section */

/* Begin PBXSourcesBuildPhase section */
              10B280010B280010B2800000 /* Sources */ = {
                     isa = PBXSourcesBuildPhase;
                     buildActionMask = 2147483647;
                     files = (
                            109BA90109BA90109BA90000 /* /Users/kail/imClever/dev/virtualSkinSOLID3/src/VirtualSkinLibrary/YarpFilter/RpcFilterImpl.cpp */,
                            109C580109C580109C580000 /* /Users/kail/imClever/dev/virtualSkinSOLID3/src/VirtualSkinLibrary/YarpFilter/RpcFilter.cpp */,
                            1052C201052C201052C20000 /* /Users/kail/imClever/dev/virtualSkinSOLID3/src/VirtualSkinLibrary/YarpFilter/StreamFilterImpl.cpp */,
                            10536B010536B010536B0000 /* /Users/kail/imClever/dev/virtualSkinSOLID3/src/VirtualSkinLibrary/YarpFilter/StreamFilter.cpp */,
                            1051BD01051BD01051BD0000 /* /Users/kail/imClever/dev/virtualSkinSOLID3/src/VirtualSkinLibrary/YarpFilter/ControlBoardFilter.cpp */,
                     );
                     runOnlyForDeploymentPostprocessing = 0;
              };
/* End PBXSourcesBuildPhase section */

/* Begin PBXTargetDependency section */
              10D0E9010D0E9010D0E90000 /* PBXTargetDependency */ = {
                     isa = PBXTargetDependency;
                     target = 10B3D0010B3D0010B3D00000 /* YarpFilter */;
                     targetProxy = 10D097010D097010D0970000 /* PBXContainerItemProxy */;
              };
              10D172010D172010D1720000 /* PBXTargetDependency */ = {
                     isa = PBXTargetDependency;
                     target = 105BD10105BD10105BD10000 /* ALL_BUILD */;
                     targetProxy = 10D132010D132010D1320000 /* PBXContainerItemProxy */;
              };
/* End PBXTargetDependency section */

/* Begin XCBuildConfiguration section */
              109D810109D810109D810000 /* Debug */ = {
                     isa = XCBuildConfiguration;
                     buildSettings = {
                            ARCHS = "$(ARCHS_STANDARD_32_BIT) ";
                            ONLY_ACTIVE_ARCH = YES;
                            SDKROOT = "/Developer/SDKs/MacOSX10.5.sdk";
                            SYMROOT = /Users/kail/imClever/dev/virtualSkinSOLID3/xcode/src/VirtualSkinLibrary/YarpFilter/build;
                     };
                     name = Debug;
              };
              109DA00109DA00109DA00000 /* Release */ = {
                     isa = XCBuildConfiguration;
                     buildSettings = {
                            ARCHS = "$(ARCHS_STANDARD_32_BIT) ";
                            ONLY_ACTIVE_ARCH = YES;
                            SDKROOT = "/Developer/SDKs/MacOSX10.5.sdk";
                            SYMROOT = /Users/kail/imClever/dev/virtualSkinSOLID3/xcode/src/VirtualSkinLibrary/YarpFilter/build;
                     };
                     name = Release;
              };
              109DBF0109DBF0109DBF0000 /* MinSizeRel */ = {
                     isa = XCBuildConfiguration;
                     buildSettings = {
                            ARCHS = "$(ARCHS_STANDARD_32_BIT) ";
                            ONLY_ACTIVE_ARCH = YES;
                            SDKROOT = "/Developer/SDKs/MacOSX10.5.sdk";
                            SYMROOT = /Users/kail/imClever/dev/virtualSkinSOLID3/xcode/src/VirtualSkinLibrary/YarpFilter/build;
                     };
                     name = MinSizeRel;
              };
              109DDE0109DDE0109DDE0000 /* RelWithDebInfo */ = {
                     isa = XCBuildConfiguration;
                     buildSettings = {
                            ARCHS = "$(ARCHS_STANDARD_32_BIT) ";
                            ONLY_ACTIVE_ARCH = YES;
                            SDKROOT = "/Developer/SDKs/MacOSX10.5.sdk";
                            SYMROOT = /Users/kail/imClever/dev/virtualSkinSOLID3/xcode/src/VirtualSkinLibrary/YarpFilter/build;
                     };
                     name = RelWithDebInfo;
              };
              10509C010509C010509C0000 /* Debug */ = {
                     isa = XCBuildConfiguration;
                     buildSettings = {
                            FRAMEWORK_SEARCH_PATHS = (/Library/Frameworks, );
                            GCC_GENERATE_DEBUGGING_SYMBOLS = NO;
                            GCC_INLINES_ARE_PRIVATE_EXTERN = NO;
                            GCC_OPTIMIZATION_LEVEL = 0;
                            GCC_PREPROCESSOR_DEFINITIONS = ("'CMAKE_INTDIR=\"$(CONFIGURATION)\"'", YARP_PRESENT, _REENTRANT, QT_OPENGL_LIB, QT_GUI_LIB, QT_XML_LIB, QT_CORE_LIB, QT_OPENGL_LIB, QT_GUI_LIB, QT_XML_LIB, QT_CORE_LIB, QT_DEBUG, QT_DEBUG, );
                            GCC_SYMBOLS_PRIVATE_EXTERN = NO;
                            HEADER_SEARCH_PATHS = (/Users/kail/Library/ace/ACE_wrappers, "/Users/kail/Library/yarp-2.2.6/src/libYARP_OS/include", "/Users/kail/Library/yarp-2.2.6/src/libYARP_sig/include", "/Users/kail/Library/yarp-2.2.6/src/libYARP_math/include", /opt/local/include, "/Users/kail/Library/yarp-2.2.6/src/libYARP_dev/include", "/Users/kail/Library/yarp-2.2.6/include", "/Users/kail/Library/FreeSOLID-3.5.6/include", "/Library/Frameworks/QtOpenGL.framework/Headers", "/Library/Frameworks/QtGui.framework/Headers", "/Library/Frameworks/QtXml.framework/Headers", "/Library/Frameworks/QtCore.framework/Headers", /Users/kail/imClever/dev/virtualSkinSOLID3/src/VirtualSkinLibrary, /Users/kail/imClever/dev/virtualSkinSOLID3/src/VirtualSkinLibrary/RobotModel, /Users/kail/imClever/dev/virtualSkinSOLID3/src/VirtualSkinLibrary/YarpFilter, /Users/kail/imClever/dev/virtualSkinSOLID3/src/VirtualSkinLibrary/optimized, /Users/kail/imClever/dev/virtualSkinSOLID3/src/VirtualSkinLibrary/debug, );
                            INSTALL_PATH = "";
                            OTHER_CFLAGS = "  ";
                            OTHER_LDFLAGS = "";
                            OTHER_REZFLAGS = "";
                            PREBINDING = NO;
                            PRODUCT_NAME = ALL_BUILD;
                            SECTORDER_FLAGS = "";
                            SYMROOT = /Users/kail/imClever/dev/virtualSkinSOLID3/xcode/src/VirtualSkinLibrary/YarpFilter;
                            USE_HEADERMAP = NO;
                            WARNING_CFLAGS = ("-Wmost", "-Wno-four-char-constants", "-Wno-unknown-pragmas", );
                     };
                     name = Debug;
              };
              109152010915201091520000 /* Release */ = {
                     isa = XCBuildConfiguration;
                     buildSettings = {
                            FRAMEWORK_SEARCH_PATHS = (/Library/Frameworks, );
                            GCC_GENERATE_DEBUGGING_SYMBOLS = NO;
                            GCC_INLINES_ARE_PRIVATE_EXTERN = NO;
                            GCC_OPTIMIZATION_LEVEL = 0;
                            GCC_PREPROCESSOR_DEFINITIONS = ("'CMAKE_INTDIR=\"$(CONFIGURATION)\"'", YARP_PRESENT, _REENTRANT, QT_OPENGL_LIB, QT_GUI_LIB, QT_XML_LIB, QT_CORE_LIB, QT_OPENGL_LIB, QT_GUI_LIB, QT_XML_LIB, QT_CORE_LIB, QT_NO_DEBUG, QT_NO_DEBUG, );
                            GCC_SYMBOLS_PRIVATE_EXTERN = NO;
                            HEADER_SEARCH_PATHS = (/Users/kail/Library/ace/ACE_wrappers, "/Users/kail/Library/yarp-2.2.6/src/libYARP_OS/include", "/Users/kail/Library/yarp-2.2.6/src/libYARP_sig/include", "/Users/kail/Library/yarp-2.2.6/src/libYARP_math/include", /opt/local/include, "/Users/kail/Library/yarp-2.2.6/src/libYARP_dev/include", "/Users/kail/Library/yarp-2.2.6/include", "/Users/kail/Library/FreeSOLID-3.5.6/include", "/Library/Frameworks/QtOpenGL.framework/Headers", "/Library/Frameworks/QtGui.framework/Headers", "/Library/Frameworks/QtXml.framework/Headers", "/Library/Frameworks/QtCore.framework/Headers", /Users/kail/imClever/dev/virtualSkinSOLID3/src/VirtualSkinLibrary, /Users/kail/imClever/dev/virtualSkinSOLID3/src/VirtualSkinLibrary/RobotModel, /Users/kail/imClever/dev/virtualSkinSOLID3/src/VirtualSkinLibrary/YarpFilter, /Users/kail/imClever/dev/virtualSkinSOLID3/src/VirtualSkinLibrary/optimized, /Users/kail/imClever/dev/virtualSkinSOLID3/src/VirtualSkinLibrary/debug, );
                            INSTALL_PATH = "";
                            OTHER_CFLAGS = "  ";
                            OTHER_LDFLAGS = "";
                            OTHER_REZFLAGS = "";
                            PREBINDING = NO;
                            PRODUCT_NAME = ALL_BUILD;
                            SECTORDER_FLAGS = "";
                            SYMROOT = /Users/kail/imClever/dev/virtualSkinSOLID3/xcode/src/VirtualSkinLibrary/YarpFilter;
                            USE_HEADERMAP = NO;
                            WARNING_CFLAGS = ("-Wmost", "-Wno-four-char-constants", "-Wno-unknown-pragmas", );
                     };
                     name = Release;
              };
              109463010946301094630000 /* MinSizeRel */ = {
                     isa = XCBuildConfiguration;
                     buildSettings = {
                            FRAMEWORK_SEARCH_PATHS = (/Library/Frameworks, );
                            GCC_GENERATE_DEBUGGING_SYMBOLS = NO;
                            GCC_INLINES_ARE_PRIVATE_EXTERN = NO;
                            GCC_OPTIMIZATION_LEVEL = 0;
                            GCC_PREPROCESSOR_DEFINITIONS = ("'CMAKE_INTDIR=\"$(CONFIGURATION)\"'", YARP_PRESENT, _REENTRANT, QT_OPENGL_LIB, QT_GUI_LIB, QT_XML_LIB, QT_CORE_LIB, QT_OPENGL_LIB, QT_GUI_LIB, QT_XML_LIB, QT_CORE_LIB, QT_NO_DEBUG, QT_NO_DEBUG, );
                            GCC_SYMBOLS_PRIVATE_EXTERN = NO;
                            HEADER_SEARCH_PATHS = (/Users/kail/Library/ace/ACE_wrappers, "/Users/kail/Library/yarp-2.2.6/src/libYARP_OS/include", "/Users/kail/Library/yarp-2.2.6/src/libYARP_sig/include", "/Users/kail/Library/yarp-2.2.6/src/libYARP_math/include", /opt/local/include, "/Users/kail/Library/yarp-2.2.6/src/libYARP_dev/include", "/Users/kail/Library/yarp-2.2.6/include", "/Users/kail/Library/FreeSOLID-3.5.6/include", "/Library/Frameworks/QtOpenGL.framework/Headers", "/Library/Frameworks/QtGui.framework/Headers", "/Library/Frameworks/QtXml.framework/Headers", "/Library/Frameworks/QtCore.framework/Headers", /Users/kail/imClever/dev/virtualSkinSOLID3/src/VirtualSkinLibrary, /Users/kail/imClever/dev/virtualSkinSOLID3/src/VirtualSkinLibrary/RobotModel, /Users/kail/imClever/dev/virtualSkinSOLID3/src/VirtualSkinLibrary/YarpFilter, /Users/kail/imClever/dev/virtualSkinSOLID3/src/VirtualSkinLibrary/optimized, /Users/kail/imClever/dev/virtualSkinSOLID3/src/VirtualSkinLibrary/debug, );
                            INSTALL_PATH = "";
                            OTHER_CFLAGS = "  ";
                            OTHER_LDFLAGS = "";
                            OTHER_REZFLAGS = "";
                            PREBINDING = NO;
                            PRODUCT_NAME = ALL_BUILD;
                            SECTORDER_FLAGS = "";
                            SYMROOT = /Users/kail/imClever/dev/virtualSkinSOLID3/xcode/src/VirtualSkinLibrary/YarpFilter;
                            USE_HEADERMAP = NO;
                            WARNING_CFLAGS = ("-Wmost", "-Wno-four-char-constants", "-Wno-unknown-pragmas", );
                     };
                     name = MinSizeRel;
              };
              109774010977401097740000 /* RelWithDebInfo */ = {
                     isa = XCBuildConfiguration;
                     buildSettings = {
                            FRAMEWORK_SEARCH_PATHS = (/Library/Frameworks, );
                            GCC_GENERATE_DEBUGGING_SYMBOLS = NO;
                            GCC_INLINES_ARE_PRIVATE_EXTERN = NO;
                            GCC_OPTIMIZATION_LEVEL = 0;
                            GCC_PREPROCESSOR_DEFINITIONS = ("'CMAKE_INTDIR=\"$(CONFIGURATION)\"'", YARP_PRESENT, _REENTRANT, QT_OPENGL_LIB, QT_GUI_LIB, QT_XML_LIB, QT_CORE_LIB, QT_OPENGL_LIB, QT_GUI_LIB, QT_XML_LIB, QT_CORE_LIB, QT_NO_DEBUG, QT_NO_DEBUG, );
                            GCC_SYMBOLS_PRIVATE_EXTERN = NO;
                            HEADER_SEARCH_PATHS = (/Users/kail/Library/ace/ACE_wrappers, "/Users/kail/Library/yarp-2.2.6/src/libYARP_OS/include", "/Users/kail/Library/yarp-2.2.6/src/libYARP_sig/include", "/Users/kail/Library/yarp-2.2.6/src/libYARP_math/include", /opt/local/include, "/Users/kail/Library/yarp-2.2.6/src/libYARP_dev/include", "/Users/kail/Library/yarp-2.2.6/include", "/Users/kail/Library/FreeSOLID-3.5.6/include", "/Library/Frameworks/QtOpenGL.framework/Headers", "/Library/Frameworks/QtGui.framework/Headers", "/Library/Frameworks/QtXml.framework/Headers", "/Library/Frameworks/QtCore.framework/Headers", /Users/kail/imClever/dev/virtualSkinSOLID3/src/VirtualSkinLibrary, /Users/kail/imClever/dev/virtualSkinSOLID3/src/VirtualSkinLibrary/RobotModel, /Users/kail/imClever/dev/virtualSkinSOLID3/src/VirtualSkinLibrary/YarpFilter, /Users/kail/imClever/dev/virtualSkinSOLID3/src/VirtualSkinLibrary/optimized, /Users/kail/imClever/dev/virtualSkinSOLID3/src/VirtualSkinLibrary/debug, );
                            INSTALL_PATH = "";
                            OTHER_CFLAGS = "  ";
                            OTHER_LDFLAGS = "";
                            OTHER_REZFLAGS = "";
                            PREBINDING = NO;
                            PRODUCT_NAME = ALL_BUILD;
                            SECTORDER_FLAGS = "";
                            SYMROOT = /Users/kail/imClever/dev/virtualSkinSOLID3/xcode/src/VirtualSkinLibrary/YarpFilter;
                            USE_HEADERMAP = NO;
                            WARNING_CFLAGS = ("-Wmost", "-Wno-four-char-constants", "-Wno-unknown-pragmas", );
                     };
                     name = RelWithDebInfo;
              };
              10B418010B418010B4180000 /* Debug */ = {
                     isa = XCBuildConfiguration;
                     buildSettings = {
                            CONFIGURATION_BUILD_DIR = /Users/kail/imClever/dev/virtualSkinSOLID3/xcode/src/VirtualSkinLibrary/YarpFilter/Debug;
                            EXECUTABLE_PREFIX = lib;
                            EXECUTABLE_SUFFIX = ".a";
                            FRAMEWORK_SEARCH_PATHS = (/Library/Frameworks, );
                            GCC_GENERATE_DEBUGGING_SYMBOLS = YES;
                            GCC_INLINES_ARE_PRIVATE_EXTERN = NO;
                            GCC_OPTIMIZATION_LEVEL = 0;
                            GCC_PREPROCESSOR_DEFINITIONS = ("'CMAKE_INTDIR=\"$(CONFIGURATION)\"'", YARP_PRESENT, _REENTRANT, QT_OPENGL_LIB, QT_GUI_LIB, QT_XML_LIB, QT_CORE_LIB, QT_OPENGL_LIB, QT_GUI_LIB, QT_XML_LIB, QT_CORE_LIB, QT_DEBUG, QT_DEBUG, );
                            GCC_SYMBOLS_PRIVATE_EXTERN = NO;
                            HEADER_SEARCH_PATHS = (/Users/kail/Library/ace/ACE_wrappers, "/Users/kail/Library/yarp-2.2.6/src/libYARP_OS/include", "/Users/kail/Library/yarp-2.2.6/src/libYARP_sig/include", "/Users/kail/Library/yarp-2.2.6/src/libYARP_math/include", /opt/local/include, "/Users/kail/Library/yarp-2.2.6/src/libYARP_dev/include", "/Users/kail/Library/yarp-2.2.6/include", "/Users/kail/Library/FreeSOLID-3.5.6/include", "/Library/Frameworks/QtOpenGL.framework/Headers", "/Library/Frameworks/QtGui.framework/Headers", "/Library/Frameworks/QtXml.framework/Headers", "/Library/Frameworks/QtCore.framework/Headers", /Users/kail/imClever/dev/virtualSkinSOLID3/src/VirtualSkinLibrary, /Users/kail/imClever/dev/virtualSkinSOLID3/src/VirtualSkinLibrary/RobotModel, /Users/kail/imClever/dev/virtualSkinSOLID3/src/VirtualSkinLibrary/YarpFilter, /Users/kail/imClever/dev/virtualSkinSOLID3/src/VirtualSkinLibrary/optimized, /Users/kail/imClever/dev/virtualSkinSOLID3/src/VirtualSkinLibrary/debug, );
                            INSTALL_PATH = "";
                            LIBRARY_STYLE = STATIC;
                            OTHER_CFLAGS = "    ";
                            OTHER_CPLUSPLUSFLAGS = "    ";
                            OTHER_LDFLAGS = "";
                            OTHER_REZFLAGS = "";
                            PREBINDING = NO;
                            PRODUCT_NAME = YarpFilter;
                            SECTORDER_FLAGS = "";
                            SYMROOT = /Users/kail/imClever/dev/virtualSkinSOLID3/xcode/src/VirtualSkinLibrary/YarpFilter;
                            USE_HEADERMAP = NO;
                            WARNING_CFLAGS = ("-Wmost", "-Wno-four-char-constants", "-Wno-unknown-pragmas", );
                     };
                     name = Debug;
              };
              10B785010B785010B7850000 /* Release */ = {
                     isa = XCBuildConfiguration;
                     buildSettings = {
                            CONFIGURATION_BUILD_DIR = /Users/kail/imClever/dev/virtualSkinSOLID3/xcode/src/VirtualSkinLibrary/YarpFilter/Release;
                            EXECUTABLE_PREFIX = lib;
                            EXECUTABLE_SUFFIX = ".a";
                            FRAMEWORK_SEARCH_PATHS = (/Library/Frameworks, );
                            GCC_GENERATE_DEBUGGING_SYMBOLS = NO;
                            GCC_INLINES_ARE_PRIVATE_EXTERN = NO;
                            GCC_OPTIMIZATION_LEVEL = 3;
                            GCC_PREPROCESSOR_DEFINITIONS = ("'CMAKE_INTDIR=\"$(CONFIGURATION)\"'", YARP_PRESENT, _REENTRANT, QT_OPENGL_LIB, QT_GUI_LIB, QT_XML_LIB, QT_CORE_LIB, QT_OPENGL_LIB, QT_GUI_LIB, QT_XML_LIB, QT_CORE_LIB, QT_NO_DEBUG, QT_NO_DEBUG, );
                            GCC_SYMBOLS_PRIVATE_EXTERN = NO;
                            HEADER_SEARCH_PATHS = (/Users/kail/Library/ace/ACE_wrappers, "/Users/kail/Library/yarp-2.2.6/src/libYARP_OS/include", "/Users/kail/Library/yarp-2.2.6/src/libYARP_sig/include", "/Users/kail/Library/yarp-2.2.6/src/libYARP_math/include", /opt/local/include, "/Users/kail/Library/yarp-2.2.6/src/libYARP_dev/include", "/Users/kail/Library/yarp-2.2.6/include", "/Users/kail/Library/FreeSOLID-3.5.6/include", "/Library/Frameworks/QtOpenGL.framework/Headers", "/Library/Frameworks/QtGui.framework/Headers", "/Library/Frameworks/QtXml.framework/Headers", "/Library/Frameworks/QtCore.framework/Headers", /Users/kail/imClever/dev/virtualSkinSOLID3/src/VirtualSkinLibrary, /Users/kail/imClever/dev/virtualSkinSOLID3/src/VirtualSkinLibrary/RobotModel, /Users/kail/imClever/dev/virtualSkinSOLID3/src/VirtualSkinLibrary/YarpFilter, /Users/kail/imClever/dev/virtualSkinSOLID3/src/VirtualSkinLibrary/optimized, /Users/kail/imClever/dev/virtualSkinSOLID3/src/VirtualSkinLibrary/debug, );
                            INSTALL_PATH = "";
                            LIBRARY_STYLE = STATIC;
                            OTHER_CFLAGS = "    -DNDEBUG  ";
                            OTHER_CPLUSPLUSFLAGS = "    -DNDEBUG  ";
                            OTHER_LDFLAGS = "";
                            OTHER_REZFLAGS = "";
                            PREBINDING = NO;
                            PRODUCT_NAME = YarpFilter;
                            SECTORDER_FLAGS = "";
                            SYMROOT = /Users/kail/imClever/dev/virtualSkinSOLID3/xcode/src/VirtualSkinLibrary/YarpFilter;
                            USE_HEADERMAP = NO;
                            WARNING_CFLAGS = ("-Wmost", "-Wno-four-char-constants", "-Wno-unknown-pragmas", );
                     };
                     name = Release;
              };
              10B950010B950010B9500000 /* MinSizeRel */ = {
                     isa = XCBuildConfiguration;
                     buildSettings = {
                            CONFIGURATION_BUILD_DIR = /Users/kail/imClever/dev/virtualSkinSOLID3/xcode/src/VirtualSkinLibrary/YarpFilter/MinSizeRel;
                            EXECUTABLE_PREFIX = lib;
                            EXECUTABLE_SUFFIX = ".a";
                            FRAMEWORK_SEARCH_PATHS = (/Library/Frameworks, );
                            GCC_GENERATE_DEBUGGING_SYMBOLS = NO;
                            GCC_INLINES_ARE_PRIVATE_EXTERN = NO;
                            GCC_OPTIMIZATION_LEVEL = s;
                            GCC_PREPROCESSOR_DEFINITIONS = ("'CMAKE_INTDIR=\"$(CONFIGURATION)\"'", YARP_PRESENT, _REENTRANT, QT_OPENGL_LIB, QT_GUI_LIB, QT_XML_LIB, QT_CORE_LIB, QT_OPENGL_LIB, QT_GUI_LIB, QT_XML_LIB, QT_CORE_LIB, QT_NO_DEBUG, QT_NO_DEBUG, );
                            GCC_SYMBOLS_PRIVATE_EXTERN = NO;
                            HEADER_SEARCH_PATHS = (/Users/kail/Library/ace/ACE_wrappers, "/Users/kail/Library/yarp-2.2.6/src/libYARP_OS/include", "/Users/kail/Library/yarp-2.2.6/src/libYARP_sig/include", "/Users/kail/Library/yarp-2.2.6/src/libYARP_math/include", /opt/local/include, "/Users/kail/Library/yarp-2.2.6/src/libYARP_dev/include", "/Users/kail/Library/yarp-2.2.6/include", "/Users/kail/Library/FreeSOLID-3.5.6/include", "/Library/Frameworks/QtOpenGL.framework/Headers", "/Library/Frameworks/QtGui.framework/Headers", "/Library/Frameworks/QtXml.framework/Headers", "/Library/Frameworks/QtCore.framework/Headers", /Users/kail/imClever/dev/virtualSkinSOLID3/src/VirtualSkinLibrary, /Users/kail/imClever/dev/virtualSkinSOLID3/src/VirtualSkinLibrary/RobotModel, /Users/kail/imClever/dev/virtualSkinSOLID3/src/VirtualSkinLibrary/YarpFilter, /Users/kail/imClever/dev/virtualSkinSOLID3/src/VirtualSkinLibrary/optimized, /Users/kail/imClever/dev/virtualSkinSOLID3/src/VirtualSkinLibrary/debug, );
                            INSTALL_PATH = "";
                            LIBRARY_STYLE = STATIC;
                            OTHER_CFLAGS = "    -DNDEBUG  ";
                            OTHER_CPLUSPLUSFLAGS = "    -DNDEBUG  ";
                            OTHER_LDFLAGS = "";
                            OTHER_REZFLAGS = "";
                            PREBINDING = NO;
                            PRODUCT_NAME = YarpFilter;
                            SECTORDER_FLAGS = "";
                            SYMROOT = /Users/kail/imClever/dev/virtualSkinSOLID3/xcode/src/VirtualSkinLibrary/YarpFilter;
                            USE_HEADERMAP = NO;
                            WARNING_CFLAGS = ("-Wmost", "-Wno-four-char-constants", "-Wno-unknown-pragmas", );
                     };
                     name = MinSizeRel;
              };
              10BCAF010BCAF010BCAF0000 /* RelWithDebInfo */ = {
                     isa = XCBuildConfiguration;
                     buildSettings = {
                            CONFIGURATION_BUILD_DIR = /Users/kail/imClever/dev/virtualSkinSOLID3/xcode/src/VirtualSkinLibrary/YarpFilter/RelWithDebInfo;
                            EXECUTABLE_PREFIX = lib;
                            EXECUTABLE_SUFFIX = ".a";
                            FRAMEWORK_SEARCH_PATHS = (/Library/Frameworks, );
                            GCC_GENERATE_DEBUGGING_SYMBOLS = YES;
                            GCC_INLINES_ARE_PRIVATE_EXTERN = NO;
                            GCC_OPTIMIZATION_LEVEL = 2;
                            GCC_PREPROCESSOR_DEFINITIONS = ("'CMAKE_INTDIR=\"$(CONFIGURATION)\"'", YARP_PRESENT, _REENTRANT, QT_OPENGL_LIB, QT_GUI_LIB, QT_XML_LIB, QT_CORE_LIB, QT_OPENGL_LIB, QT_GUI_LIB, QT_XML_LIB, QT_CORE_LIB, QT_NO_DEBUG, QT_NO_DEBUG, );
                            GCC_SYMBOLS_PRIVATE_EXTERN = NO;
                            HEADER_SEARCH_PATHS = (/Users/kail/Library/ace/ACE_wrappers, "/Users/kail/Library/yarp-2.2.6/src/libYARP_OS/include", "/Users/kail/Library/yarp-2.2.6/src/libYARP_sig/include", "/Users/kail/Library/yarp-2.2.6/src/libYARP_math/include", /opt/local/include, "/Users/kail/Library/yarp-2.2.6/src/libYARP_dev/include", "/Users/kail/Library/yarp-2.2.6/include", "/Users/kail/Library/FreeSOLID-3.5.6/include", "/Library/Frameworks/QtOpenGL.framework/Headers", "/Library/Frameworks/QtGui.framework/Headers", "/Library/Frameworks/QtXml.framework/Headers", "/Library/Frameworks/QtCore.framework/Headers", /Users/kail/imClever/dev/virtualSkinSOLID3/src/VirtualSkinLibrary, /Users/kail/imClever/dev/virtualSkinSOLID3/src/VirtualSkinLibrary/RobotModel, /Users/kail/imClever/dev/virtualSkinSOLID3/src/VirtualSkinLibrary/YarpFilter, /Users/kail/imClever/dev/virtualSkinSOLID3/src/VirtualSkinLibrary/optimized, /Users/kail/imClever/dev/virtualSkinSOLID3/src/VirtualSkinLibrary/debug, );
                            INSTALL_PATH = "";
                            LIBRARY_STYLE = STATIC;
                            OTHER_CFLAGS = "        ";
                            OTHER_CPLUSPLUSFLAGS = "        ";
                            OTHER_LDFLAGS = "";
                            OTHER_REZFLAGS = "";
                            PREBINDING = NO;
                            PRODUCT_NAME = YarpFilter;
                            SECTORDER_FLAGS = "";
                            SYMROOT = /Users/kail/imClever/dev/virtualSkinSOLID3/xcode/src/VirtualSkinLibrary/YarpFilter;
                            USE_HEADERMAP = NO;
                            WARNING_CFLAGS = ("-Wmost", "-Wno-four-char-constants", "-Wno-unknown-pragmas", );
                     };
                     name = RelWithDebInfo;
              };
              10C40A010C40A010C40A0000 /* Debug */ = {
                     isa = XCBuildConfiguration;
                     buildSettings = {
                            FRAMEWORK_SEARCH_PATHS = (/Library/Frameworks, );
                            GCC_GENERATE_DEBUGGING_SYMBOLS = NO;
                            GCC_INLINES_ARE_PRIVATE_EXTERN = NO;
                            GCC_OPTIMIZATION_LEVEL = 0;
                            GCC_PREPROCESSOR_DEFINITIONS = ("'CMAKE_INTDIR=\"$(CONFIGURATION)\"'", YARP_PRESENT, _REENTRANT, QT_OPENGL_LIB, QT_GUI_LIB, QT_XML_LIB, QT_CORE_LIB, QT_OPENGL_LIB, QT_GUI_LIB, QT_XML_LIB, QT_CORE_LIB, QT_DEBUG, QT_DEBUG, );
                            GCC_SYMBOLS_PRIVATE_EXTERN = NO;
                            HEADER_SEARCH_PATHS = (/Users/kail/Library/ace/ACE_wrappers, "/Users/kail/Library/yarp-2.2.6/src/libYARP_OS/include", "/Users/kail/Library/yarp-2.2.6/src/libYARP_sig/include", "/Users/kail/Library/yarp-2.2.6/src/libYARP_math/include", /opt/local/include, "/Users/kail/Library/yarp-2.2.6/src/libYARP_dev/include", "/Users/kail/Library/yarp-2.2.6/include", "/Users/kail/Library/FreeSOLID-3.5.6/include", "/Library/Frameworks/QtOpenGL.framework/Headers", "/Library/Frameworks/QtGui.framework/Headers", "/Library/Frameworks/QtXml.framework/Headers", "/Library/Frameworks/QtCore.framework/Headers", /Users/kail/imClever/dev/virtualSkinSOLID3/src/VirtualSkinLibrary, /Users/kail/imClever/dev/virtualSkinSOLID3/src/VirtualSkinLibrary/RobotModel, /Users/kail/imClever/dev/virtualSkinSOLID3/src/VirtualSkinLibrary/YarpFilter, /Users/kail/imClever/dev/virtualSkinSOLID3/src/VirtualSkinLibrary/optimized, /Users/kail/imClever/dev/virtualSkinSOLID3/src/VirtualSkinLibrary/debug, );
                            INSTALL_PATH = "";
                            OTHER_CFLAGS = "  ";
                            OTHER_LDFLAGS = "";
                            OTHER_REZFLAGS = "";
                            PREBINDING = NO;
                            PRODUCT_NAME = install;
                            SECTORDER_FLAGS = "";
                            SYMROOT = /Users/kail/imClever/dev/virtualSkinSOLID3/xcode/src/VirtualSkinLibrary/YarpFilter;
                            USE_HEADERMAP = NO;
                            WARNING_CFLAGS = ("-Wmost", "-Wno-four-char-constants", "-Wno-unknown-pragmas", );
                     };
                     name = Debug;
              };
              10C729010C729010C7290000 /* Release */ = {
                     isa = XCBuildConfiguration;
                     buildSettings = {
                            FRAMEWORK_SEARCH_PATHS = (/Library/Frameworks, );
                            GCC_GENERATE_DEBUGGING_SYMBOLS = NO;
                            GCC_INLINES_ARE_PRIVATE_EXTERN = NO;
                            GCC_OPTIMIZATION_LEVEL = 0;
                            GCC_PREPROCESSOR_DEFINITIONS = ("'CMAKE_INTDIR=\"$(CONFIGURATION)\"'", YARP_PRESENT, _REENTRANT, QT_OPENGL_LIB, QT_GUI_LIB, QT_XML_LIB, QT_CORE_LIB, QT_OPENGL_LIB, QT_GUI_LIB, QT_XML_LIB, QT_CORE_LIB, QT_NO_DEBUG, QT_NO_DEBUG, );
                            GCC_SYMBOLS_PRIVATE_EXTERN = NO;
                            HEADER_SEARCH_PATHS = (/Users/kail/Library/ace/ACE_wrappers, "/Users/kail/Library/yarp-2.2.6/src/libYARP_OS/include", "/Users/kail/Library/yarp-2.2.6/src/libYARP_sig/include", "/Users/kail/Library/yarp-2.2.6/src/libYARP_math/include", /opt/local/include, "/Users/kail/Library/yarp-2.2.6/src/libYARP_dev/include", "/Users/kail/Library/yarp-2.2.6/include", "/Users/kail/Library/FreeSOLID-3.5.6/include", "/Library/Frameworks/QtOpenGL.framework/Headers", "/Library/Frameworks/QtGui.framework/Headers", "/Library/Frameworks/QtXml.framework/Headers", "/Library/Frameworks/QtCore.framework/Headers", /Users/kail/imClever/dev/virtualSkinSOLID3/src/VirtualSkinLibrary, /Users/kail/imClever/dev/virtualSkinSOLID3/src/VirtualSkinLibrary/RobotModel, /Users/kail/imClever/dev/virtualSkinSOLID3/src/VirtualSkinLibrary/YarpFilter, /Users/kail/imClever/dev/virtualSkinSOLID3/src/VirtualSkinLibrary/optimized, /Users/kail/imClever/dev/virtualSkinSOLID3/src/VirtualSkinLibrary/debug, );
                            INSTALL_PATH = "";
                            OTHER_CFLAGS = "  ";
                            OTHER_LDFLAGS = "";
                            OTHER_REZFLAGS = "";
                            PREBINDING = NO;
                            PRODUCT_NAME = install;
                            SECTORDER_FLAGS = "";
                            SYMROOT = /Users/kail/imClever/dev/virtualSkinSOLID3/xcode/src/VirtualSkinLibrary/YarpFilter;
                            USE_HEADERMAP = NO;
                            WARNING_CFLAGS = ("-Wmost", "-Wno-four-char-constants", "-Wno-unknown-pragmas", );
                     };
                     name = Release;
              };
              10CA3A010CA3A010CA3A0000 /* MinSizeRel */ = {
                     isa = XCBuildConfiguration;
                     buildSettings = {
                            FRAMEWORK_SEARCH_PATHS = (/Library/Frameworks, );
                            GCC_GENERATE_DEBUGGING_SYMBOLS = NO;
                            GCC_INLINES_ARE_PRIVATE_EXTERN = NO;
                            GCC_OPTIMIZATION_LEVEL = 0;
                            GCC_PREPROCESSOR_DEFINITIONS = ("'CMAKE_INTDIR=\"$(CONFIGURATION)\"'", YARP_PRESENT, _REENTRANT, QT_OPENGL_LIB, QT_GUI_LIB, QT_XML_LIB, QT_CORE_LIB, QT_OPENGL_LIB, QT_GUI_LIB, QT_XML_LIB, QT_CORE_LIB, QT_NO_DEBUG, QT_NO_DEBUG, );
                            GCC_SYMBOLS_PRIVATE_EXTERN = NO;
                            HEADER_SEARCH_PATHS = (/Users/kail/Library/ace/ACE_wrappers, "/Users/kail/Library/yarp-2.2.6/src/libYARP_OS/include", "/Users/kail/Library/yarp-2.2.6/src/libYARP_sig/include", "/Users/kail/Library/yarp-2.2.6/src/libYARP_math/include", /opt/local/include, "/Users/kail/Library/yarp-2.2.6/src/libYARP_dev/include", "/Users/kail/Library/yarp-2.2.6/include", "/Users/kail/Library/FreeSOLID-3.5.6/include", "/Library/Frameworks/QtOpenGL.framework/Headers", "/Library/Frameworks/QtGui.framework/Headers", "/Library/Frameworks/QtXml.framework/Headers", "/Library/Frameworks/QtCore.framework/Headers", /Users/kail/imClever/dev/virtualSkinSOLID3/src/VirtualSkinLibrary, /Users/kail/imClever/dev/virtualSkinSOLID3/src/VirtualSkinLibrary/RobotModel, /Users/kail/imClever/dev/virtualSkinSOLID3/src/VirtualSkinLibrary/YarpFilter, /Users/kail/imClever/dev/virtualSkinSOLID3/src/VirtualSkinLibrary/optimized, /Users/kail/imClever/dev/virtualSkinSOLID3/src/VirtualSkinLibrary/debug, );
                            INSTALL_PATH = "";
                            OTHER_CFLAGS = "  ";
                            OTHER_LDFLAGS = "";
                            OTHER_REZFLAGS = "";
                            PREBINDING = NO;
                            PRODUCT_NAME = install;
                            SECTORDER_FLAGS = "";
                            SYMROOT = /Users/kail/imClever/dev/virtualSkinSOLID3/xcode/src/VirtualSkinLibrary/YarpFilter;
                            USE_HEADERMAP = NO;
                            WARNING_CFLAGS = ("-Wmost", "-Wno-four-char-constants", "-Wno-unknown-pragmas", );
                     };
                     name = MinSizeRel;
              };
              10CD4B010CD4B010CD4B0000 /* RelWithDebInfo */ = {
                     isa = XCBuildConfiguration;
                     buildSettings = {
                            FRAMEWORK_SEARCH_PATHS = (/Library/Frameworks, );
                            GCC_GENERATE_DEBUGGING_SYMBOLS = NO;
                            GCC_INLINES_ARE_PRIVATE_EXTERN = NO;
                            GCC_OPTIMIZATION_LEVEL = 0;
                            GCC_PREPROCESSOR_DEFINITIONS = ("'CMAKE_INTDIR=\"$(CONFIGURATION)\"'", YARP_PRESENT, _REENTRANT, QT_OPENGL_LIB, QT_GUI_LIB, QT_XML_LIB, QT_CORE_LIB, QT_OPENGL_LIB, QT_GUI_LIB, QT_XML_LIB, QT_CORE_LIB, QT_NO_DEBUG, QT_NO_DEBUG, );
                            GCC_SYMBOLS_PRIVATE_EXTERN = NO;
                            HEADER_SEARCH_PATHS = (/Users/kail/Library/ace/ACE_wrappers, "/Users/kail/Library/yarp-2.2.6/src/libYARP_OS/include", "/Users/kail/Library/yarp-2.2.6/src/libYARP_sig/include", "/Users/kail/Library/yarp-2.2.6/src/libYARP_math/include", /opt/local/include, "/Users/kail/Library/yarp-2.2.6/src/libYARP_dev/include", "/Users/kail/Library/yarp-2.2.6/include", "/Users/kail/Library/FreeSOLID-3.5.6/include", "/Library/Frameworks/QtOpenGL.framework/Headers", "/Library/Frameworks/QtGui.framework/Headers", "/Library/Frameworks/QtXml.framework/Headers", "/Library/Frameworks/QtCore.framework/Headers", /Users/kail/imClever/dev/virtualSkinSOLID3/src/VirtualSkinLibrary, /Users/kail/imClever/dev/virtualSkinSOLID3/src/VirtualSkinLibrary/RobotModel, /Users/kail/imClever/dev/virtualSkinSOLID3/src/VirtualSkinLibrary/YarpFilter, /Users/kail/imClever/dev/virtualSkinSOLID3/src/VirtualSkinLibrary/optimized, /Users/kail/imClever/dev/virtualSkinSOLID3/src/VirtualSkinLibrary/debug, );
                            INSTALL_PATH = "";
                            OTHER_CFLAGS = "  ";
                            OTHER_LDFLAGS = "";
                            OTHER_REZFLAGS = "";
                            PREBINDING = NO;
                            PRODUCT_NAME = install;
                            SECTORDER_FLAGS = "";
                            SYMROOT = /Users/kail/imClever/dev/virtualSkinSOLID3/xcode/src/VirtualSkinLibrary/YarpFilter;
                            USE_HEADERMAP = NO;
                            WARNING_CFLAGS = ("-Wmost", "-Wno-four-char-constants", "-Wno-unknown-pragmas", );
                     };
                     name = RelWithDebInfo;
              };
/* End XCBuildConfiguration section */

/* Begin XCConfigurationList section */
              109D6F0109D6F0109D6F0000 /* Build configuration list for PBXProject  "YarpFilter" */ = {
                     isa = XCConfigurationList;
                     buildConfigurations = (
                            109D810109D810109D810000 /* Debug */,
                            109DA00109DA00109DA00000 /* Release */,
                            109DBF0109DBF0109DBF0000 /* MinSizeRel */,
                            109DDE0109DDE0109DDE0000 /* RelWithDebInfo */,
                     );
                     defaultConfigurationIsVisible = 0;
                     defaultConfigurationName = Debug;
              };
              105CD40105CD40105CD40000 /* Build configuration list for PBXAggregateTarget "ALL_BUILD" */ = {
                     isa = XCConfigurationList;
                     buildConfigurations = (
                            10509C010509C010509C0000 /* Debug */,
                            109152010915201091520000 /* Release */,
                            109463010946301094630000 /* MinSizeRel */,
                            109774010977401097740000 /* RelWithDebInfo */,
                     );
                     defaultConfigurationIsVisible = 0;
                     defaultConfigurationName = Debug;
              };
              10B3E5010B3E5010B3E50000 /* Build configuration list for PBXNativeTarget "YarpFilter" */ = {
                     isa = XCConfigurationList;
                     buildConfigurations = (
                            10B418010B418010B4180000 /* Debug */,
                            10B785010B785010B7850000 /* Release */,
                            10B950010B950010B9500000 /* MinSizeRel */,
                            10BCAF010BCAF010BCAF0000 /* RelWithDebInfo */,
                     );
                     defaultConfigurationIsVisible = 0;
                     defaultConfigurationName = Debug;
              };
              10C3AF010C3AF010C3AF0000 /* Build configuration list for PBXAggregateTarget "install" */ = {
                     isa = XCConfigurationList;
                     buildConfigurations = (
                            10C40A010C40A010C40A0000 /* Debug */,
                            10C729010C729010C7290000 /* Release */,
                            10CA3A010CA3A010CA3A0000 /* MinSizeRel */,
                            10CD4B010CD4B010CD4B0000 /* RelWithDebInfo */,
                     );
                     defaultConfigurationIsVisible = 0;
                     defaultConfigurationName = Debug;
              };
/* End XCConfigurationList section */
       };
       rootObject = 109CD90109CD90109CD90000;
}
